// !$*UTF8*$!
{
	archiveVersion = 1;
	classes = {
	};
	objectVersion = 46;
	objects = {
/* Begin PBXBuildFile section */
		0207DA581B56EA530066E2B4 /* Images.xcassets in Resources */ = {isa = PBXBuildFile; fileRef = 0207DA571B56EA530066E2B4 /* Images.xcassets */; };
		1D3623260D0F684500981E51 /* AppDelegate.m in Sources */ = {isa = PBXBuildFile; fileRef = 1D3623250D0F684500981E51 /* AppDelegate.m */; };
		1D60589B0D05DD56006BFB54 /* main.m in Sources */ = {isa = PBXBuildFile; fileRef = 29B97316FDCFA39411CA2CEA /* main.m */; };
		301BF552109A68D80062928A /* libCordova.a in Frameworks */ = {isa = PBXBuildFile; fileRef = 301BF535109A57CC0062928A /* libCordova.a */; };
		302D95F114D2391D003F00A1 /* MainViewController.m in Sources */ = {isa = PBXBuildFile; fileRef = 302D95EF14D2391D003F00A1 /* MainViewController.m */; };
		302D95F214D2391D003F00A1 /* MainViewController.xib in Resources */ = {isa = PBXBuildFile; fileRef = 302D95F014D2391D003F00A1 /* MainViewController.xib */; };
		3047A5121AB8059700498E2A /* build-debug.xcconfig in Resources */ = {isa = PBXBuildFile; fileRef = 3047A50F1AB8059700498E2A /* build-debug.xcconfig */; };
		3047A5131AB8059700498E2A /* build-release.xcconfig in Resources */ = {isa = PBXBuildFile; fileRef = 3047A5101AB8059700498E2A /* build-release.xcconfig */; };
		3047A5141AB8059700498E2A /* build.xcconfig in Resources */ = {isa = PBXBuildFile; fileRef = 3047A5111AB8059700498E2A /* build.xcconfig */; };
		6AFF5BF91D6E424B00AB3073 /* CDVLaunchScreen.storyboard in Resources */ = {isa = PBXBuildFile; fileRef = 6AFF5BF81D6E424B00AB3073 /* CDVLaunchScreen.storyboard */; };
		83ED8D6B62CE4BDA9ACA5FA0 /* CDVBattery.m in Sources */ = {isa = PBXBuildFile; fileRef = 263F4CECAD244558ADE9927D /* CDVBattery.m */; };
		A5D64FC3CC7049EDBEDA5F77 /* UIImage+CropScaleOrientation.m in Sources */ = {isa = PBXBuildFile; fileRef = 067AFFB3A13C4C74856AFD9C /* UIImage+CropScaleOrientation.m */; };
		C4BF67BBD7D14C8587AAEC21 /* CDVCamera.m in Sources */ = {isa = PBXBuildFile; fileRef = D3C0FBC426434C1790CC2AE2 /* CDVCamera.m */; };
		E392EC86B55148388ED6A45D /* CDVJpegHeaderWriter.m in Sources */ = {isa = PBXBuildFile; fileRef = BD3F534941294B5E801DD2A3 /* CDVJpegHeaderWriter.m */; };
		22491914427C470081BB662F /* ImageIO.framework in Frameworks */ = {isa = PBXBuildFile; fileRef = 33D5C1B828B84A68BFBDA61A /* ImageIO.framework */; settings = {ATTRIBUTES = (Weak, ); }; };
		704DB5610B9F45CAB6CE99BA /* CoreLocation.framework in Frameworks */ = {isa = PBXBuildFile; fileRef = 56BB608AC23842348275239A /* CoreLocation.framework */; };
		A043E80FC03846EFA0CB539E /* AVFoundation.framework in Frameworks */ = {isa = PBXBuildFile; fileRef = D929EF811B3F48459638E094 /* AVFoundation.framework */; };
		FA334962E5A44D4B8C8D7629 /* CDVLogger.m in Sources */ = {isa = PBXBuildFile; fileRef = 7ED7DC7A34554C09B0A408A3 /* CDVLogger.m */; };
		C22D24F4425E473481D0BD70 /* CDVContacts.m in Sources */ = {isa = PBXBuildFile; fileRef = D2DD13DA023A4DDCBFEA5FA8 /* CDVContacts.m */; };
		41C6D5D5E8A04B4AA372A625 /* CDVContact.m in Sources */ = {isa = PBXBuildFile; fileRef = A3084759FA8248039F7821D2 /* CDVContact.m */; };
		F823232F28D944C4BD6CF38B /* AddressBook.framework in Frameworks */ = {isa = PBXBuildFile; fileRef = A0D1E65C2EAA463591BF0C21 /* AddressBook.framework */; settings = {ATTRIBUTES = (Weak, ); }; };
		F539982C5B25491D8471BC08 /* AddressBookUI.framework in Frameworks */ = {isa = PBXBuildFile; fileRef = C79AECA7322644F597AF71BB /* AddressBookUI.framework */; settings = {ATTRIBUTES = (Weak, ); }; };
		4A5DFFADBC4742E1957415A4 /* CDVDevice.m in Sources */ = {isa = PBXBuildFile; fileRef = EAA1772CC20846B0AA84CE90 /* CDVDevice.m */; };
		5F28D71098D140F1BD95F092 /* libz.tbd in Frameworks */ = {isa = PBXBuildFile; fileRef = 5953C0741D094B6088692585 /* libz.tbd */; };
		BCF87FEEC0164980B5B1E583 /* CDVAccelerometer.m in Sources */ = {isa = PBXBuildFile; fileRef = CE36AF268F6E4E48A66E6504 /* CDVAccelerometer.m */; };
		2AE753CF8E1D43849A2B35AB /* CoreMotion.framework in Frameworks */ = {isa = PBXBuildFile; fileRef = 584874203E304258A3627D7B /* CoreMotion.framework */; };
		1BB524FA7C8048659775203F /* CDVCompass.m in Sources */ = {isa = PBXBuildFile; fileRef = D2706C13E65845658F81FCFB /* CDVCompass.m */; };
		A5C4FD8A8DCD409984AB8533 /* CDVNotification.m in Sources */ = {isa = PBXBuildFile; fileRef = A55522040EAA4774BE870EC1 /* CDVNotification.m */; };
		50A854CE5CF240DE88F0E038 /* CDVNotification.bundle in Resources */ = {isa = PBXBuildFile; fileRef = 030A62C48B8D4577A5D80E0D /* CDVNotification.bundle */; };
		66CCAC1C751D43B196B72053 /* AudioToolbox.framework in Frameworks */ = {isa = PBXBuildFile; fileRef = 59A1F95B8518433BB644B752 /* AudioToolbox.framework */; settings = {ATTRIBUTES = (Weak, ); }; };
		C574CD98A2AC40D3B60EFF7F /* CDVFile.m in Sources */ = {isa = PBXBuildFile; fileRef = 734D4D0A462146B18C5F63DF /* CDVFile.m */; };
		B3AC180AD4A2408984F4AFA4 /* CDVLocalFilesystem.m in Sources */ = {isa = PBXBuildFile; fileRef = 1A589DD224A944D4B270F86C /* CDVLocalFilesystem.m */; };
		BCEA45C0366B46C9AE043E37 /* CDVAssetLibraryFilesystem.m in Sources */ = {isa = PBXBuildFile; fileRef = ECECE76C3EAD4E91B2B3EBA6 /* CDVAssetLibraryFilesystem.m */; };
		55A287E5B61E4F2D9A1751AD /* CDVFileTransfer.m in Sources */ = {isa = PBXBuildFile; fileRef = BB732D80C69D4DC3B0C5F3C3 /* CDVFileTransfer.m */; };
		09FC41D1C4214074AF37C3BA /* CDVLocation.m in Sources */ = {isa = PBXBuildFile; fileRef = 3EA812A411F64F99A48A9BF7 /* CDVLocation.m */; };
		13ECA9CE7E4B4D36A5F4FFAD /* CDVGlobalization.m in Sources */ = {isa = PBXBuildFile; fileRef = 5D67284CB2E54EDEA218B552 /* CDVGlobalization.m */; };
		AB99CE451CD647C9A05BFE92 /* CDVInAppBrowser.m in Sources */ = {isa = PBXBuildFile; fileRef = 1F0512AA01214E6FB41B0FA2 /* CDVInAppBrowser.m */; };
		7938D21C90084B38A0067CD5 /* CDVSound.m in Sources */ = {isa = PBXBuildFile; fileRef = 63314984C5A641E59C0DAD09 /* CDVSound.m */; };
		C5FA72AFF7764BFF8F71C0E4 /* CDVCapture.m in Sources */ = {isa = PBXBuildFile; fileRef = 6DAE263ED109409CBCD5D046 /* CDVCapture.m */; };
		23D2C8DE59E9401287C161FD /* CDVCapture.bundle in Resources */ = {isa = PBXBuildFile; fileRef = D53C763F4060453C85E62CD3 /* CDVCapture.bundle */; };
		4F207F39703D4661B2A249C6 /* CDVConnection.m in Sources */ = {isa = PBXBuildFile; fileRef = 5FE6FCB5293D432399AD9F03 /* CDVConnection.m */; };
		5AB30644EC824E94BFA7DF5F /* CDVReachability.m in Sources */ = {isa = PBXBuildFile; fileRef = 62F4C32322074C55847CC88E /* CDVReachability.m */; };
		0120E75E32564324B2876E0F /* SystemConfiguration.framework in Frameworks */ = {isa = PBXBuildFile; fileRef = 3CDDD8B7925F4C2995B1A1A4 /* SystemConfiguration.framework */; settings = {ATTRIBUTES = (Weak, ); }; };
		141080BBB7B74F8DAB89DCE9 /* CoreTelephony.framework in Frameworks */ = {isa = PBXBuildFile; fileRef = 8EDD07D5A0084BFB9FE8CCF2 /* CoreTelephony.framework */; };
		72B5DEFEE8E647DA9C0E07F3 /* CDVSplashScreen.m in Sources */ = {isa = PBXBuildFile; fileRef = DDA43966D7CA41B2AE6CCB7F /* CDVSplashScreen.m */; };
		EACA263F722B457EB6234184 /* CDVViewController+SplashScreen.m in Sources */ = {isa = PBXBuildFile; fileRef = CF681CD7AEAC433695E89026 /* CDVViewController+SplashScreen.m */; };
		0576EA3FD9BF40C1BC76D623 /* CDVStatusBar.m in Sources */ = {isa = PBXBuildFile; fileRef = 41337C2F286343FBACA43BB7 /* CDVStatusBar.m */; };
		317C3B77BFB344778A11CEE7 /* CDVVibration.m in Sources */ = {isa = PBXBuildFile; fileRef = 61AE5C363B164C34B584B21B /* CDVVibration.m */; };
		978E67A1F23342A68CA9A2D0 /* FileOpener2.m in Sources */ = {isa = PBXBuildFile; fileRef = 229DC813E9B44842BD2936BD /* FileOpener2.m */; };
		95BA464F1DAA4BA59998D32E /* CDVSpinnerDialog.m in Sources */ = {isa = PBXBuildFile; fileRef = 09A02B913827464C99B49D10 /* CDVSpinnerDialog.m */; };
		693F6C2C77374A80858927B3 /* Toast+UIView.m in Sources */ = {isa = PBXBuildFile; fileRef = EEFC2597FE7C4A6FA5AAA38B /* Toast+UIView.m */; };
		BBD7AEF87CE142C2B249C273 /* Toast.m in Sources */ = {isa = PBXBuildFile; fileRef = 2D049706919A4C77981BC98A /* Toast.m */; };
		3FB6A39F10AA45C4AD9F07BE /* QuartzCore.framework in Frameworks */ = {isa = PBXBuildFile; fileRef = CDF0258370064CF792FF2E90 /* QuartzCore.framework */; };
		86A08A59610B4C2099B81826 /* AppDelegate+notification.m in Sources */ = {isa = PBXBuildFile; fileRef = CDFCA9084CDE48DC84727AA8 /* AppDelegate+notification.m */; };
		C8EF686E45A04278B60EA1DB /* PushPlugin.m in Sources */ = {isa = PBXBuildFile; fileRef = D70B5522363B4BC68386DC0E /* PushPlugin.m */; };
/* End PBXBuildFile section */

/* Begin PBXContainerItemProxy section */
		301BF534109A57CC0062928A /* PBXContainerItemProxy */ = {
			isa = PBXContainerItemProxy;
			containerPortal = 301BF52D109A57CC0062928A /* CordovaLib.xcodeproj */;
			proxyType = 2;
			remoteGlobalIDString = D2AAC07E0554694100DB518D;
			remoteInfo = CordovaLib;
		};
		301BF550109A68C00062928A /* PBXContainerItemProxy */ = {
			isa = PBXContainerItemProxy;
			containerPortal = 301BF52D109A57CC0062928A /* CordovaLib.xcodeproj */;
			proxyType = 1;
			remoteGlobalIDString = D2AAC07D0554694100DB518D;
			remoteInfo = CordovaLib;
		};
/* End PBXContainerItemProxy section */

/* Begin PBXFileReference section */
		0207DA571B56EA530066E2B4 /* Images.xcassets */ = {isa = PBXFileReference; lastKnownFileType = folder.assetcatalog; name = Images.xcassets; path = "IKE VW/Images.xcassets"; sourceTree = SOURCE_ROOT; };
		1D3623240D0F684500981E51 /* AppDelegate.h */ = {isa = PBXFileReference; fileEncoding = 4; lastKnownFileType = sourcecode.c.h; path = AppDelegate.h; sourceTree = "<group>"; };
		1D3623250D0F684500981E51 /* AppDelegate.m */ = {isa = PBXFileReference; fileEncoding = 4; lastKnownFileType = sourcecode.c.objc; path = AppDelegate.m; sourceTree = "<group>"; };
		1D6058910D05DD3D006BFB54 /* IKE VW.app */ = {isa = PBXFileReference; explicitFileType = wrapper.application; includeInIndex = 0; path = "IKE VW.app"; sourceTree = BUILT_PRODUCTS_DIR; };
		29B97316FDCFA39411CA2CEA /* main.m */ = {isa = PBXFileReference; fileEncoding = 4; lastKnownFileType = sourcecode.c.objc; path = main.m; sourceTree = "<group>"; };
		301BF52D109A57CC0062928A /* CordovaLib.xcodeproj */ = {isa = PBXFileReference; lastKnownFileType = "wrapper.pb-project"; name = CordovaLib.xcodeproj; path = CordovaLib/CordovaLib.xcodeproj; sourceTree = "<group>"; };
		301BF56E109A69640062928A /* www */ = {isa = PBXFileReference; lastKnownFileType = folder; path = www; sourceTree = SOURCE_ROOT; };
		302D95EE14D2391D003F00A1 /* MainViewController.h */ = {isa = PBXFileReference; fileEncoding = 4; lastKnownFileType = sourcecode.c.h; path = MainViewController.h; sourceTree = "<group>"; };
		302D95EF14D2391D003F00A1 /* MainViewController.m */ = {isa = PBXFileReference; fileEncoding = 4; lastKnownFileType = sourcecode.c.objc; path = MainViewController.m; sourceTree = "<group>"; };
		302D95F014D2391D003F00A1 /* MainViewController.xib */ = {isa = PBXFileReference; fileEncoding = 4; lastKnownFileType = file.xib; path = MainViewController.xib; sourceTree = "<group>"; };
		3047A50F1AB8059700498E2A /* build-debug.xcconfig */ = {isa = PBXFileReference; fileEncoding = 4; lastKnownFileType = text.xcconfig; name = "build-debug.xcconfig"; path = cordova/build-debug.xcconfig; sourceTree = SOURCE_ROOT; };
		3047A5101AB8059700498E2A /* build-release.xcconfig */ = {isa = PBXFileReference; fileEncoding = 4; lastKnownFileType = text.xcconfig; name = "build-release.xcconfig"; path = cordova/build-release.xcconfig; sourceTree = SOURCE_ROOT; };
		3047A5111AB8059700498E2A /* build.xcconfig */ = {isa = PBXFileReference; fileEncoding = 4; lastKnownFileType = text.xcconfig; name = build.xcconfig; path = cordova/build.xcconfig; sourceTree = SOURCE_ROOT; };
		32CA4F630368D1EE00C91783 /* IKE VW-Prefix.pch */ = {isa = PBXFileReference; fileEncoding = 4; lastKnownFileType = sourcecode.c.h; path = "IKE VW-Prefix.pch"; sourceTree = "<group>"; };
		6AFF5BF81D6E424B00AB3073 /* CDVLaunchScreen.storyboard */ = {isa = PBXFileReference; fileEncoding = 4; lastKnownFileType = file.storyboard; name = CDVLaunchScreen.storyboard; path = "IKE VW/CDVLaunchScreen.storyboard"; sourceTree = SOURCE_ROOT; };
		8D1107310486CEB800E47090 /* IKE VW-Info.plist */ = {isa = PBXFileReference; fileEncoding = 4; lastKnownFileType = text.plist.xml; name = "IKE VW-Info.plist"; path = "IKE VW/IKE VW-Info.plist"; plistStructureDefinitionIdentifier = "com.apple.xcode.plist.structure-definition.iphone.info-plist"; sourceTree = SOURCE_ROOT; };
		EB87FDF31871DA8E0020F90C /* www */ = {isa = PBXFileReference; lastKnownFileType = folder; name = www; path = ../../www; sourceTree = "<group>"; };
		EB87FDF41871DAF40020F90C /* config.xml */ = {isa = PBXFileReference; lastKnownFileType = text.xml; name = config.xml; path = ../../config.xml; sourceTree = "<group>"; };
		F840E1F0165FE0F500CFE078 /* config.xml */ = {isa = PBXFileReference; lastKnownFileType = text.xml; name = config.xml; path = "IKE VW/config.xml"; sourceTree = "<group>"; };
		ED33DF2A687741AEAF9F8254 /* Bridging-Header.h */ = {isa = PBXFileReference; fileEncoding = 4; lastKnownFileType = sourcecode.c.h; name = "Bridging-Header.h"; path = "Bridging-Header.h"; sourceTree = "<group>"; };
		263F4CECAD244558ADE9927D /* CDVBattery.m */ = {isa = PBXFileReference; name = "CDVBattery.m"; path = "cordova-plugin-battery-status/CDVBattery.m"; sourceTree = "<group>"; fileEncoding = 4; lastKnownFileType = sourcecode.c.objc; explicitFileType = undefined; includeInIndex = 0; };
		0EB1B6D062A74271835FAB47 /* CDVBattery.h */ = {isa = PBXFileReference; name = "CDVBattery.h"; path = "cordova-plugin-battery-status/CDVBattery.h"; sourceTree = "<group>"; fileEncoding = 4; lastKnownFileType = sourcecode.c.h; explicitFileType = undefined; includeInIndex = 0; };
		067AFFB3A13C4C74856AFD9C /* UIImage+CropScaleOrientation.m */ = {isa = PBXFileReference; name = "UIImage+CropScaleOrientation.m"; path = "cordova-plugin-camera/UIImage+CropScaleOrientation.m"; sourceTree = "<group>"; fileEncoding = 4; lastKnownFileType = sourcecode.c.objc; explicitFileType = undefined; includeInIndex = 0; };
		D3C0FBC426434C1790CC2AE2 /* CDVCamera.m */ = {isa = PBXFileReference; name = "CDVCamera.m"; path = "cordova-plugin-camera/CDVCamera.m"; sourceTree = "<group>"; fileEncoding = 4; lastKnownFileType = sourcecode.c.objc; explicitFileType = undefined; includeInIndex = 0; };
		BD3F534941294B5E801DD2A3 /* CDVJpegHeaderWriter.m */ = {isa = PBXFileReference; name = "CDVJpegHeaderWriter.m"; path = "cordova-plugin-camera/CDVJpegHeaderWriter.m"; sourceTree = "<group>"; fileEncoding = 4; lastKnownFileType = sourcecode.c.objc; explicitFileType = undefined; includeInIndex = 0; };
		EFB0E37AA4544EF7A98FCACB /* UIImage+CropScaleOrientation.h */ = {isa = PBXFileReference; name = "UIImage+CropScaleOrientation.h"; path = "cordova-plugin-camera/UIImage+CropScaleOrientation.h"; sourceTree = "<group>"; fileEncoding = 4; lastKnownFileType = sourcecode.c.h; explicitFileType = undefined; includeInIndex = 0; };
		94F7ED5064AD43A2A781C34B /* CDVCamera.h */ = {isa = PBXFileReference; name = "CDVCamera.h"; path = "cordova-plugin-camera/CDVCamera.h"; sourceTree = "<group>"; fileEncoding = 4; lastKnownFileType = sourcecode.c.h; explicitFileType = undefined; includeInIndex = 0; };
		AD3455B90F784D7A8A25876C /* CDVJpegHeaderWriter.h */ = {isa = PBXFileReference; name = "CDVJpegHeaderWriter.h"; path = "cordova-plugin-camera/CDVJpegHeaderWriter.h"; sourceTree = "<group>"; fileEncoding = 4; lastKnownFileType = sourcecode.c.h; explicitFileType = undefined; includeInIndex = 0; };
		7C62CBBA76ED4D6B876519E8 /* CDVExif.h */ = {isa = PBXFileReference; name = "CDVExif.h"; path = "cordova-plugin-camera/CDVExif.h"; sourceTree = "<group>"; fileEncoding = 4; lastKnownFileType = sourcecode.c.h; explicitFileType = undefined; includeInIndex = 0; };
		33D5C1B828B84A68BFBDA61A /* ImageIO.framework */ = {isa = PBXFileReference; name = "ImageIO.framework"; path = "System/Library/Frameworks/ImageIO.framework"; sourceTree = SDKROOT; fileEncoding = undefined; lastKnownFileType = wrapper.framework; explicitFileType = undefined; includeInIndex = 0; };
		56BB608AC23842348275239A /* CoreLocation.framework */ = {isa = PBXFileReference; name = "CoreLocation.framework"; path = "System/Library/Frameworks/CoreLocation.framework"; sourceTree = SDKROOT; fileEncoding = undefined; lastKnownFileType = wrapper.framework; explicitFileType = undefined; includeInIndex = 0; };
		D929EF811B3F48459638E094 /* AVFoundation.framework */ = {isa = PBXFileReference; name = "AVFoundation.framework"; path = "System/Library/Frameworks/AVFoundation.framework"; sourceTree = SDKROOT; fileEncoding = undefined; lastKnownFileType = wrapper.framework; explicitFileType = undefined; includeInIndex = 0; };
		7ED7DC7A34554C09B0A408A3 /* CDVLogger.m */ = {isa = PBXFileReference; name = "CDVLogger.m"; path = "cordova-plugin-console/CDVLogger.m"; sourceTree = "<group>"; fileEncoding = 4; lastKnownFileType = sourcecode.c.objc; explicitFileType = undefined; includeInIndex = 0; };
		96107C1C471849A2ABA4F011 /* CDVLogger.h */ = {isa = PBXFileReference; name = "CDVLogger.h"; path = "cordova-plugin-console/CDVLogger.h"; sourceTree = "<group>"; fileEncoding = 4; lastKnownFileType = sourcecode.c.h; explicitFileType = undefined; includeInIndex = 0; };
		D2DD13DA023A4DDCBFEA5FA8 /* CDVContacts.m */ = {isa = PBXFileReference; name = "CDVContacts.m"; path = "cordova-plugin-contacts/CDVContacts.m"; sourceTree = "<group>"; fileEncoding = 4; lastKnownFileType = sourcecode.c.objc; explicitFileType = undefined; includeInIndex = 0; };
		A3084759FA8248039F7821D2 /* CDVContact.m */ = {isa = PBXFileReference; name = "CDVContact.m"; path = "cordova-plugin-contacts/CDVContact.m"; sourceTree = "<group>"; fileEncoding = 4; lastKnownFileType = sourcecode.c.objc; explicitFileType = undefined; includeInIndex = 0; };
		B3C332ADEF5147DF8EC50B32 /* CDVContacts.h */ = {isa = PBXFileReference; name = "CDVContacts.h"; path = "cordova-plugin-contacts/CDVContacts.h"; sourceTree = "<group>"; fileEncoding = 4; lastKnownFileType = sourcecode.c.h; explicitFileType = undefined; includeInIndex = 0; };
		262590EF9F6D40C99CA1837F /* CDVContact.h */ = {isa = PBXFileReference; name = "CDVContact.h"; path = "cordova-plugin-contacts/CDVContact.h"; sourceTree = "<group>"; fileEncoding = 4; lastKnownFileType = sourcecode.c.h; explicitFileType = undefined; includeInIndex = 0; };
		A0D1E65C2EAA463591BF0C21 /* AddressBook.framework */ = {isa = PBXFileReference; name = "AddressBook.framework"; path = "System/Library/Frameworks/AddressBook.framework"; sourceTree = SDKROOT; fileEncoding = undefined; lastKnownFileType = wrapper.framework; explicitFileType = undefined; includeInIndex = 0; };
		C79AECA7322644F597AF71BB /* AddressBookUI.framework */ = {isa = PBXFileReference; name = "AddressBookUI.framework"; path = "System/Library/Frameworks/AddressBookUI.framework"; sourceTree = SDKROOT; fileEncoding = undefined; lastKnownFileType = wrapper.framework; explicitFileType = undefined; includeInIndex = 0; };
		EAA1772CC20846B0AA84CE90 /* CDVDevice.m */ = {isa = PBXFileReference; name = "CDVDevice.m"; path = "cordova-plugin-device/CDVDevice.m"; sourceTree = "<group>"; fileEncoding = 4; lastKnownFileType = sourcecode.c.objc; explicitFileType = undefined; includeInIndex = 0; };
		2F8A45C9AC3046EC9D4EE829 /* CDVDevice.h */ = {isa = PBXFileReference; name = "CDVDevice.h"; path = "cordova-plugin-device/CDVDevice.h"; sourceTree = "<group>"; fileEncoding = 4; lastKnownFileType = sourcecode.c.h; explicitFileType = undefined; includeInIndex = 0; };
		5953C0741D094B6088692585 /* libz.tbd */ = {isa = PBXFileReference; name = "libz.tbd"; path = "usr/lib/libz.tbd"; sourceTree = SDKROOT; fileEncoding = undefined; lastKnownFileType = sourcecode.text-based-dylib-definition; explicitFileType = undefined; includeInIndex = 0; };
		CE36AF268F6E4E48A66E6504 /* CDVAccelerometer.m */ = {isa = PBXFileReference; name = "CDVAccelerometer.m"; path = "cordova-plugin-device-motion/CDVAccelerometer.m"; sourceTree = "<group>"; fileEncoding = 4; lastKnownFileType = sourcecode.c.objc; explicitFileType = undefined; includeInIndex = 0; };
		344F7EAC7B66443FB8D53036 /* CDVAccelerometer.h */ = {isa = PBXFileReference; name = "CDVAccelerometer.h"; path = "cordova-plugin-device-motion/CDVAccelerometer.h"; sourceTree = "<group>"; fileEncoding = 4; lastKnownFileType = sourcecode.c.h; explicitFileType = undefined; includeInIndex = 0; };
		584874203E304258A3627D7B /* CoreMotion.framework */ = {isa = PBXFileReference; name = "CoreMotion.framework"; path = "System/Library/Frameworks/CoreMotion.framework"; sourceTree = SDKROOT; fileEncoding = undefined; lastKnownFileType = wrapper.framework; explicitFileType = undefined; includeInIndex = 0; };
		D2706C13E65845658F81FCFB /* CDVCompass.m */ = {isa = PBXFileReference; name = "CDVCompass.m"; path = "cordova-plugin-device-orientation/CDVCompass.m"; sourceTree = "<group>"; fileEncoding = 4; lastKnownFileType = sourcecode.c.objc; explicitFileType = undefined; includeInIndex = 0; };
		65426076DD364A74B9356FA8 /* CDVCompass.h */ = {isa = PBXFileReference; name = "CDVCompass.h"; path = "cordova-plugin-device-orientation/CDVCompass.h"; sourceTree = "<group>"; fileEncoding = 4; lastKnownFileType = sourcecode.c.h; explicitFileType = undefined; includeInIndex = 0; };
		A55522040EAA4774BE870EC1 /* CDVNotification.m */ = {isa = PBXFileReference; name = "CDVNotification.m"; path = "cordova-plugin-dialogs/CDVNotification.m"; sourceTree = "<group>"; fileEncoding = 4; lastKnownFileType = sourcecode.c.objc; explicitFileType = undefined; includeInIndex = 0; };
		9F3069E492F04DDB8B8174DA /* CDVNotification.h */ = {isa = PBXFileReference; name = "CDVNotification.h"; path = "cordova-plugin-dialogs/CDVNotification.h"; sourceTree = "<group>"; fileEncoding = 4; lastKnownFileType = sourcecode.c.h; explicitFileType = undefined; includeInIndex = 0; };
		030A62C48B8D4577A5D80E0D /* CDVNotification.bundle */ = {isa = PBXFileReference; name = "CDVNotification.bundle"; path = "CDVNotification.bundle"; sourceTree = "<group>"; fileEncoding = undefined; lastKnownFileType = wrapper.plug-in; explicitFileType = undefined; includeInIndex = 0; };
		59A1F95B8518433BB644B752 /* AudioToolbox.framework */ = {isa = PBXFileReference; name = "AudioToolbox.framework"; path = "System/Library/Frameworks/AudioToolbox.framework"; sourceTree = SDKROOT; fileEncoding = undefined; lastKnownFileType = wrapper.framework; explicitFileType = undefined; includeInIndex = 0; };
		734D4D0A462146B18C5F63DF /* CDVFile.m */ = {isa = PBXFileReference; name = "CDVFile.m"; path = "cordova-plugin-file/CDVFile.m"; sourceTree = "<group>"; fileEncoding = 4; lastKnownFileType = sourcecode.c.objc; explicitFileType = undefined; includeInIndex = 0; };
		1A589DD224A944D4B270F86C /* CDVLocalFilesystem.m */ = {isa = PBXFileReference; name = "CDVLocalFilesystem.m"; path = "cordova-plugin-file/CDVLocalFilesystem.m"; sourceTree = "<group>"; fileEncoding = 4; lastKnownFileType = sourcecode.c.objc; explicitFileType = undefined; includeInIndex = 0; };
		ECECE76C3EAD4E91B2B3EBA6 /* CDVAssetLibraryFilesystem.m */ = {isa = PBXFileReference; name = "CDVAssetLibraryFilesystem.m"; path = "cordova-plugin-file/CDVAssetLibraryFilesystem.m"; sourceTree = "<group>"; fileEncoding = 4; lastKnownFileType = sourcecode.c.objc; explicitFileType = undefined; includeInIndex = 0; };
		85F095C532524C20B015A1E9 /* CDVFile.h */ = {isa = PBXFileReference; name = "CDVFile.h"; path = "cordova-plugin-file/CDVFile.h"; sourceTree = "<group>"; fileEncoding = 4; lastKnownFileType = sourcecode.c.h; explicitFileType = undefined; includeInIndex = 0; };
		235DBF9C62874191B5505542 /* CDVLocalFilesystem.h */ = {isa = PBXFileReference; name = "CDVLocalFilesystem.h"; path = "cordova-plugin-file/CDVLocalFilesystem.h"; sourceTree = "<group>"; fileEncoding = 4; lastKnownFileType = sourcecode.c.h; explicitFileType = undefined; includeInIndex = 0; };
		E31BD9C00724419692FD0044 /* CDVAssetLibraryFilesystem.h */ = {isa = PBXFileReference; name = "CDVAssetLibraryFilesystem.h"; path = "cordova-plugin-file/CDVAssetLibraryFilesystem.h"; sourceTree = "<group>"; fileEncoding = 4; lastKnownFileType = sourcecode.c.h; explicitFileType = undefined; includeInIndex = 0; };
		BB732D80C69D4DC3B0C5F3C3 /* CDVFileTransfer.m */ = {isa = PBXFileReference; name = "CDVFileTransfer.m"; path = "cordova-plugin-file-transfer/CDVFileTransfer.m"; sourceTree = "<group>"; fileEncoding = 4; lastKnownFileType = sourcecode.c.objc; explicitFileType = undefined; includeInIndex = 0; };
		2D1AD8BC389F4519B5FC2EDA /* CDVFileTransfer.h */ = {isa = PBXFileReference; name = "CDVFileTransfer.h"; path = "cordova-plugin-file-transfer/CDVFileTransfer.h"; sourceTree = "<group>"; fileEncoding = 4; lastKnownFileType = sourcecode.c.h; explicitFileType = undefined; includeInIndex = 0; };
		3EA812A411F64F99A48A9BF7 /* CDVLocation.m */ = {isa = PBXFileReference; name = "CDVLocation.m"; path = "cordova-plugin-geolocation/CDVLocation.m"; sourceTree = "<group>"; fileEncoding = 4; lastKnownFileType = sourcecode.c.objc; explicitFileType = undefined; includeInIndex = 0; };
		A726FD512F1644418EBA6857 /* CDVLocation.h */ = {isa = PBXFileReference; name = "CDVLocation.h"; path = "cordova-plugin-geolocation/CDVLocation.h"; sourceTree = "<group>"; fileEncoding = 4; lastKnownFileType = sourcecode.c.h; explicitFileType = undefined; includeInIndex = 0; };
		5D67284CB2E54EDEA218B552 /* CDVGlobalization.m */ = {isa = PBXFileReference; name = "CDVGlobalization.m"; path = "cordova-plugin-globalization/CDVGlobalization.m"; sourceTree = "<group>"; fileEncoding = 4; lastKnownFileType = sourcecode.c.objc; explicitFileType = undefined; includeInIndex = 0; };
		F37C80C2C0344D5D850426AD /* CDVGlobalization.h */ = {isa = PBXFileReference; name = "CDVGlobalization.h"; path = "cordova-plugin-globalization/CDVGlobalization.h"; sourceTree = "<group>"; fileEncoding = 4; lastKnownFileType = sourcecode.c.h; explicitFileType = undefined; includeInIndex = 0; };
		1F0512AA01214E6FB41B0FA2 /* CDVInAppBrowser.m */ = {isa = PBXFileReference; name = "CDVInAppBrowser.m"; path = "cordova-plugin-inappbrowser/CDVInAppBrowser.m"; sourceTree = "<group>"; fileEncoding = 4; lastKnownFileType = sourcecode.c.objc; explicitFileType = undefined; includeInIndex = 0; };
		2DBEE0370AB345629216408F /* CDVInAppBrowser.h */ = {isa = PBXFileReference; name = "CDVInAppBrowser.h"; path = "cordova-plugin-inappbrowser/CDVInAppBrowser.h"; sourceTree = "<group>"; fileEncoding = 4; lastKnownFileType = sourcecode.c.h; explicitFileType = undefined; includeInIndex = 0; };
		63314984C5A641E59C0DAD09 /* CDVSound.m */ = {isa = PBXFileReference; name = "CDVSound.m"; path = "cordova-plugin-media/CDVSound.m"; sourceTree = "<group>"; fileEncoding = 4; lastKnownFileType = sourcecode.c.objc; explicitFileType = undefined; includeInIndex = 0; };
		91A41C30D8EF451AA4B6EB3C /* CDVSound.h */ = {isa = PBXFileReference; name = "CDVSound.h"; path = "cordova-plugin-media/CDVSound.h"; sourceTree = "<group>"; fileEncoding = 4; lastKnownFileType = sourcecode.c.h; explicitFileType = undefined; includeInIndex = 0; };
		6DAE263ED109409CBCD5D046 /* CDVCapture.m */ = {isa = PBXFileReference; name = "CDVCapture.m"; path = "cordova-plugin-media-capture/CDVCapture.m"; sourceTree = "<group>"; fileEncoding = 4; lastKnownFileType = sourcecode.c.objc; explicitFileType = undefined; includeInIndex = 0; };
		AF4E9F6075E147A8BD2DF7F6 /* CDVCapture.h */ = {isa = PBXFileReference; name = "CDVCapture.h"; path = "cordova-plugin-media-capture/CDVCapture.h"; sourceTree = "<group>"; fileEncoding = 4; lastKnownFileType = sourcecode.c.h; explicitFileType = undefined; includeInIndex = 0; };
		D53C763F4060453C85E62CD3 /* CDVCapture.bundle */ = {isa = PBXFileReference; name = "CDVCapture.bundle"; path = "CDVCapture.bundle"; sourceTree = "<group>"; fileEncoding = undefined; lastKnownFileType = wrapper.plug-in; explicitFileType = undefined; includeInIndex = 0; };
		5FE6FCB5293D432399AD9F03 /* CDVConnection.m */ = {isa = PBXFileReference; name = "CDVConnection.m"; path = "cordova-plugin-network-information/CDVConnection.m"; sourceTree = "<group>"; fileEncoding = 4; lastKnownFileType = sourcecode.c.objc; explicitFileType = undefined; includeInIndex = 0; };
		62F4C32322074C55847CC88E /* CDVReachability.m */ = {isa = PBXFileReference; name = "CDVReachability.m"; path = "cordova-plugin-network-information/CDVReachability.m"; sourceTree = "<group>"; fileEncoding = 4; lastKnownFileType = sourcecode.c.objc; explicitFileType = undefined; includeInIndex = 0; };
		275EA455EAD447E288E7A16E /* CDVConnection.h */ = {isa = PBXFileReference; name = "CDVConnection.h"; path = "cordova-plugin-network-information/CDVConnection.h"; sourceTree = "<group>"; fileEncoding = 4; lastKnownFileType = sourcecode.c.h; explicitFileType = undefined; includeInIndex = 0; };
		3ACB203620D44646B8FD713D /* CDVReachability.h */ = {isa = PBXFileReference; name = "CDVReachability.h"; path = "cordova-plugin-network-information/CDVReachability.h"; sourceTree = "<group>"; fileEncoding = 4; lastKnownFileType = sourcecode.c.h; explicitFileType = undefined; includeInIndex = 0; };
		3CDDD8B7925F4C2995B1A1A4 /* SystemConfiguration.framework */ = {isa = PBXFileReference; name = "SystemConfiguration.framework"; path = "System/Library/Frameworks/SystemConfiguration.framework"; sourceTree = SDKROOT; fileEncoding = undefined; lastKnownFileType = wrapper.framework; explicitFileType = undefined; includeInIndex = 0; };
		8EDD07D5A0084BFB9FE8CCF2 /* CoreTelephony.framework */ = {isa = PBXFileReference; name = "CoreTelephony.framework"; path = "System/Library/Frameworks/CoreTelephony.framework"; sourceTree = SDKROOT; fileEncoding = undefined; lastKnownFileType = wrapper.framework; explicitFileType = undefined; includeInIndex = 0; };
		DDA43966D7CA41B2AE6CCB7F /* CDVSplashScreen.m */ = {isa = PBXFileReference; name = "CDVSplashScreen.m"; path = "cordova-plugin-splashscreen/CDVSplashScreen.m"; sourceTree = "<group>"; fileEncoding = 4; lastKnownFileType = sourcecode.c.objc; explicitFileType = undefined; includeInIndex = 0; };
		CF681CD7AEAC433695E89026 /* CDVViewController+SplashScreen.m */ = {isa = PBXFileReference; name = "CDVViewController+SplashScreen.m"; path = "cordova-plugin-splashscreen/CDVViewController+SplashScreen.m"; sourceTree = "<group>"; fileEncoding = 4; lastKnownFileType = sourcecode.c.objc; explicitFileType = undefined; includeInIndex = 0; };
		C230F082E3684329B419DA4F /* CDVSplashScreen.h */ = {isa = PBXFileReference; name = "CDVSplashScreen.h"; path = "cordova-plugin-splashscreen/CDVSplashScreen.h"; sourceTree = "<group>"; fileEncoding = 4; lastKnownFileType = sourcecode.c.h; explicitFileType = undefined; includeInIndex = 0; };
		A6677C8DE13846888B00F026 /* CDVViewController+SplashScreen.h */ = {isa = PBXFileReference; name = "CDVViewController+SplashScreen.h"; path = "cordova-plugin-splashscreen/CDVViewController+SplashScreen.h"; sourceTree = "<group>"; fileEncoding = 4; lastKnownFileType = sourcecode.c.h; explicitFileType = undefined; includeInIndex = 0; };
		41337C2F286343FBACA43BB7 /* CDVStatusBar.m */ = {isa = PBXFileReference; name = "CDVStatusBar.m"; path = "cordova-plugin-statusbar/CDVStatusBar.m"; sourceTree = "<group>"; fileEncoding = 4; lastKnownFileType = sourcecode.c.objc; explicitFileType = undefined; includeInIndex = 0; };
		D0615D83FDCE4AA69D9F382B /* CDVStatusBar.h */ = {isa = PBXFileReference; name = "CDVStatusBar.h"; path = "cordova-plugin-statusbar/CDVStatusBar.h"; sourceTree = "<group>"; fileEncoding = 4; lastKnownFileType = sourcecode.c.h; explicitFileType = undefined; includeInIndex = 0; };
		61AE5C363B164C34B584B21B /* CDVVibration.m */ = {isa = PBXFileReference; name = "CDVVibration.m"; path = "cordova-plugin-vibration/CDVVibration.m"; sourceTree = "<group>"; fileEncoding = 4; lastKnownFileType = sourcecode.c.objc; explicitFileType = undefined; includeInIndex = 0; };
		CB65328ED640457286F8BF42 /* CDVVibration.h */ = {isa = PBXFileReference; name = "CDVVibration.h"; path = "cordova-plugin-vibration/CDVVibration.h"; sourceTree = "<group>"; fileEncoding = 4; lastKnownFileType = sourcecode.c.h; explicitFileType = undefined; includeInIndex = 0; };
		229DC813E9B44842BD2936BD /* FileOpener2.m */ = {isa = PBXFileReference; name = "FileOpener2.m"; path = "cordova-plugin-file-opener2/FileOpener2.m"; sourceTree = "<group>"; fileEncoding = 4; lastKnownFileType = sourcecode.c.objc; explicitFileType = undefined; includeInIndex = 0; };
		2B8A8762838B4004A66F8E5B /* FileOpener2.h */ = {isa = PBXFileReference; name = "FileOpener2.h"; path = "cordova-plugin-file-opener2/FileOpener2.h"; sourceTree = "<group>"; fileEncoding = 4; lastKnownFileType = sourcecode.c.h; explicitFileType = undefined; includeInIndex = 0; };
		09A02B913827464C99B49D10 /* CDVSpinnerDialog.m */ = {isa = PBXFileReference; name = "CDVSpinnerDialog.m"; path = "cordova-plugin-spinnerdialog/CDVSpinnerDialog.m"; sourceTree = "<group>"; fileEncoding = 4; lastKnownFileType = sourcecode.c.objc; explicitFileType = undefined; includeInIndex = 0; };
		FC22A98D98D947A3A30D2C95 /* CDVSpinnerDialog.h */ = {isa = PBXFileReference; name = "CDVSpinnerDialog.h"; path = "cordova-plugin-spinnerdialog/CDVSpinnerDialog.h"; sourceTree = "<group>"; fileEncoding = 4; lastKnownFileType = sourcecode.c.h; explicitFileType = undefined; includeInIndex = 0; };
		EEFC2597FE7C4A6FA5AAA38B /* Toast+UIView.m */ = {isa = PBXFileReference; name = "Toast+UIView.m"; path = "cordova-plugin-x-toast/Toast+UIView.m"; sourceTree = "<group>"; fileEncoding = 4; lastKnownFileType = sourcecode.c.objc; explicitFileType = undefined; includeInIndex = 0; };
		2D049706919A4C77981BC98A /* Toast.m */ = {isa = PBXFileReference; name = "Toast.m"; path = "cordova-plugin-x-toast/Toast.m"; sourceTree = "<group>"; fileEncoding = 4; lastKnownFileType = sourcecode.c.objc; explicitFileType = undefined; includeInIndex = 0; };
		8720B9A552A644FAB478D404 /* Toast+UIView.h */ = {isa = PBXFileReference; name = "Toast+UIView.h"; path = "cordova-plugin-x-toast/Toast+UIView.h"; sourceTree = "<group>"; fileEncoding = 4; lastKnownFileType = sourcecode.c.h; explicitFileType = undefined; includeInIndex = 0; };
		0224658CF946499B98ADEB2C /* Toast.h */ = {isa = PBXFileReference; name = "Toast.h"; path = "cordova-plugin-x-toast/Toast.h"; sourceTree = "<group>"; fileEncoding = 4; lastKnownFileType = sourcecode.c.h; explicitFileType = undefined; includeInIndex = 0; };
		CDF0258370064CF792FF2E90 /* QuartzCore.framework */ = {isa = PBXFileReference; name = "QuartzCore.framework"; path = "System/Library/Frameworks/QuartzCore.framework"; sourceTree = SDKROOT; fileEncoding = undefined; lastKnownFileType = wrapper.framework; explicitFileType = undefined; includeInIndex = 0; };
		CDFCA9084CDE48DC84727AA8 /* AppDelegate+notification.m */ = {isa = PBXFileReference; name = "AppDelegate+notification.m"; path = "phonegap-plugin-push/AppDelegate+notification.m"; sourceTree = "<group>"; fileEncoding = 4; lastKnownFileType = sourcecode.c.objc; explicitFileType = undefined; includeInIndex = 0; };
		D70B5522363B4BC68386DC0E /* PushPlugin.m */ = {isa = PBXFileReference; name = "PushPlugin.m"; path = "phonegap-plugin-push/PushPlugin.m"; sourceTree = "<group>"; fileEncoding = 4; lastKnownFileType = sourcecode.c.objc; explicitFileType = undefined; includeInIndex = 0; };
		6405994AEEB547A1A1180496 /* AppDelegate+notification.h */ = {isa = PBXFileReference; name = "AppDelegate+notification.h"; path = "phonegap-plugin-push/AppDelegate+notification.h"; sourceTree = "<group>"; fileEncoding = 4; lastKnownFileType = sourcecode.c.h; explicitFileType = undefined; includeInIndex = 0; };
		155C815648BA43409C367F71 /* PushPlugin.h */ = {isa = PBXFileReference; name = "PushPlugin.h"; path = "phonegap-plugin-push/PushPlugin.h"; sourceTree = "<group>"; fileEncoding = 4; lastKnownFileType = sourcecode.c.h; explicitFileType = undefined; includeInIndex = 0; };
/* End PBXFileReference section */

/* Begin PBXFrameworksBuildPhase section */
		1D60588F0D05DD3D006BFB54 /* Frameworks */ = {
			isa = PBXFrameworksBuildPhase;
			buildActionMask = 2147483647;
			files = (
				301BF552109A68D80062928A /* libCordova.a in Frameworks */,
				22491914427C470081BB662F /* ImageIO.framework in Frameworks */,
				704DB5610B9F45CAB6CE99BA /* CoreLocation.framework in Frameworks */,
				A043E80FC03846EFA0CB539E /* AVFoundation.framework in Frameworks */,
				F823232F28D944C4BD6CF38B /* AddressBook.framework in Frameworks */,
				F539982C5B25491D8471BC08 /* AddressBookUI.framework in Frameworks */,
				5F28D71098D140F1BD95F092 /* libz.tbd in Frameworks */,
				2AE753CF8E1D43849A2B35AB /* CoreMotion.framework in Frameworks */,
				66CCAC1C751D43B196B72053 /* AudioToolbox.framework in Frameworks */,
				0120E75E32564324B2876E0F /* SystemConfiguration.framework in Frameworks */,
				141080BBB7B74F8DAB89DCE9 /* CoreTelephony.framework in Frameworks */,
				3FB6A39F10AA45C4AD9F07BE /* QuartzCore.framework in Frameworks */,
			);
			runOnlyForDeploymentPostprocessing = 0;
		};
/* End PBXFrameworksBuildPhase section */

/* Begin PBXGroup section */
		080E96DDFE201D6D7F000001 /* Classes */ = {
			isa = PBXGroup;
			children = (
				302D95EE14D2391D003F00A1 /* MainViewController.h */,
				302D95EF14D2391D003F00A1 /* MainViewController.m */,
				302D95F014D2391D003F00A1 /* MainViewController.xib */,
				1D3623240D0F684500981E51 /* AppDelegate.h */,
				1D3623250D0F684500981E51 /* AppDelegate.m */,
			);
			name = Classes;
			path = "IKE VW/Classes";
			sourceTree = SOURCE_ROOT;
		};
		19C28FACFE9D520D11CA2CBB /* Products */ = {
			isa = PBXGroup;
			children = (
				1D6058910D05DD3D006BFB54 /* IKE VW.app */,
			);
			name = Products;
			sourceTree = "<group>";
		};
		29B97314FDCFA39411CA2CEA /* CustomTemplate */ = {
			isa = PBXGroup;
			children = (
				EB87FDF41871DAF40020F90C /* config.xml */,
				EB87FDF31871DA8E0020F90C /* www */,
				EB87FDF11871DA420020F90C /* Staging */,
				301BF52D109A57CC0062928A /* CordovaLib.xcodeproj */,
				080E96DDFE201D6D7F000001 /* Classes */,
				307C750510C5A3420062BCA9 /* Plugins */,
				29B97315FDCFA39411CA2CEA /* Other Sources */,
				29B97317FDCFA39411CA2CEA /* Resources */,
				29B97323FDCFA39411CA2CEA /* Frameworks */,
				19C28FACFE9D520D11CA2CBB /* Products */,
			);
			name = CustomTemplate;
			sourceTree = "<group>";
		};
		29B97315FDCFA39411CA2CEA /* Other Sources */ = {
			isa = PBXGroup;
			children = (
				32CA4F630368D1EE00C91783 /* IKE VW-Prefix.pch */,
				29B97316FDCFA39411CA2CEA /* main.m */,
				ED33DF2A687741AEAF9F8254 /* Bridging-Header.h */,
			);
			name = "Other Sources";
			path = "IKE VW";
			sourceTree = "<group>";
		};
		29B97317FDCFA39411CA2CEA /* Resources */ = {
			isa = PBXGroup;
			children = (
				0207DA571B56EA530066E2B4 /* Images.xcassets */,
				3047A50E1AB8057F00498E2A /* config */,
				8D1107310486CEB800E47090 /* IKE VW-Info.plist */,
				6AFF5BF81D6E424B00AB3073 /* CDVLaunchScreen.storyboard */,
				030A62C48B8D4577A5D80E0D /* CDVNotification.bundle */,
				D53C763F4060453C85E62CD3 /* CDVCapture.bundle */,
			);
			name = Resources;
			path = "IKE VW/Resources";
			sourceTree = "<group>";
		};
		29B97323FDCFA39411CA2CEA /* Frameworks */ = {
			isa = PBXGroup;
			children = (
				33D5C1B828B84A68BFBDA61A /* ImageIO.framework */,
				56BB608AC23842348275239A /* CoreLocation.framework */,
				D929EF811B3F48459638E094 /* AVFoundation.framework */,
				A0D1E65C2EAA463591BF0C21 /* AddressBook.framework */,
				C79AECA7322644F597AF71BB /* AddressBookUI.framework */,
				5953C0741D094B6088692585 /* libz.tbd */,
				584874203E304258A3627D7B /* CoreMotion.framework */,
				59A1F95B8518433BB644B752 /* AudioToolbox.framework */,
				3CDDD8B7925F4C2995B1A1A4 /* SystemConfiguration.framework */,
				8EDD07D5A0084BFB9FE8CCF2 /* CoreTelephony.framework */,
				CDF0258370064CF792FF2E90 /* QuartzCore.framework */,
			);
			name = Frameworks;
			sourceTree = "<group>";
		};
		301BF52E109A57CC0062928A /* Products */ = {
			isa = PBXGroup;
			children = (
				301BF535109A57CC0062928A /* libCordova.a */,
			);
			name = Products;
			sourceTree = "<group>";
		};
		3047A50E1AB8057F00498E2A /* config */ = {
			isa = PBXGroup;
			children = (
				3047A50F1AB8059700498E2A /* build-debug.xcconfig */,
				3047A5101AB8059700498E2A /* build-release.xcconfig */,
				3047A5111AB8059700498E2A /* build.xcconfig */,
			);
			name = config;
			sourceTree = "<group>";
		};
		307C750510C5A3420062BCA9 /* Plugins */ = {
			isa = PBXGroup;
			children = (
				263F4CECAD244558ADE9927D /* CDVBattery.m */,
				0EB1B6D062A74271835FAB47 /* CDVBattery.h */,
				067AFFB3A13C4C74856AFD9C /* UIImage+CropScaleOrientation.m */,
				D3C0FBC426434C1790CC2AE2 /* CDVCamera.m */,
				BD3F534941294B5E801DD2A3 /* CDVJpegHeaderWriter.m */,
				EFB0E37AA4544EF7A98FCACB /* UIImage+CropScaleOrientation.h */,
				94F7ED5064AD43A2A781C34B /* CDVCamera.h */,
				AD3455B90F784D7A8A25876C /* CDVJpegHeaderWriter.h */,
				7C62CBBA76ED4D6B876519E8 /* CDVExif.h */,
				7ED7DC7A34554C09B0A408A3 /* CDVLogger.m */,
				96107C1C471849A2ABA4F011 /* CDVLogger.h */,
				D2DD13DA023A4DDCBFEA5FA8 /* CDVContacts.m */,
				A3084759FA8248039F7821D2 /* CDVContact.m */,
				B3C332ADEF5147DF8EC50B32 /* CDVContacts.h */,
				262590EF9F6D40C99CA1837F /* CDVContact.h */,
				EAA1772CC20846B0AA84CE90 /* CDVDevice.m */,
				2F8A45C9AC3046EC9D4EE829 /* CDVDevice.h */,
				CE36AF268F6E4E48A66E6504 /* CDVAccelerometer.m */,
				344F7EAC7B66443FB8D53036 /* CDVAccelerometer.h */,
				D2706C13E65845658F81FCFB /* CDVCompass.m */,
				65426076DD364A74B9356FA8 /* CDVCompass.h */,
				A55522040EAA4774BE870EC1 /* CDVNotification.m */,
				9F3069E492F04DDB8B8174DA /* CDVNotification.h */,
				734D4D0A462146B18C5F63DF /* CDVFile.m */,
				1A589DD224A944D4B270F86C /* CDVLocalFilesystem.m */,
				ECECE76C3EAD4E91B2B3EBA6 /* CDVAssetLibraryFilesystem.m */,
				85F095C532524C20B015A1E9 /* CDVFile.h */,
				235DBF9C62874191B5505542 /* CDVLocalFilesystem.h */,
				E31BD9C00724419692FD0044 /* CDVAssetLibraryFilesystem.h */,
				BB732D80C69D4DC3B0C5F3C3 /* CDVFileTransfer.m */,
				2D1AD8BC389F4519B5FC2EDA /* CDVFileTransfer.h */,
				3EA812A411F64F99A48A9BF7 /* CDVLocation.m */,
				A726FD512F1644418EBA6857 /* CDVLocation.h */,
				5D67284CB2E54EDEA218B552 /* CDVGlobalization.m */,
				F37C80C2C0344D5D850426AD /* CDVGlobalization.h */,
				1F0512AA01214E6FB41B0FA2 /* CDVInAppBrowser.m */,
				2DBEE0370AB345629216408F /* CDVInAppBrowser.h */,
				63314984C5A641E59C0DAD09 /* CDVSound.m */,
				91A41C30D8EF451AA4B6EB3C /* CDVSound.h */,
				6DAE263ED109409CBCD5D046 /* CDVCapture.m */,
				AF4E9F6075E147A8BD2DF7F6 /* CDVCapture.h */,
				5FE6FCB5293D432399AD9F03 /* CDVConnection.m */,
				62F4C32322074C55847CC88E /* CDVReachability.m */,
				275EA455EAD447E288E7A16E /* CDVConnection.h */,
				3ACB203620D44646B8FD713D /* CDVReachability.h */,
				DDA43966D7CA41B2AE6CCB7F /* CDVSplashScreen.m */,
				CF681CD7AEAC433695E89026 /* CDVViewController+SplashScreen.m */,
				C230F082E3684329B419DA4F /* CDVSplashScreen.h */,
				A6677C8DE13846888B00F026 /* CDVViewController+SplashScreen.h */,
				41337C2F286343FBACA43BB7 /* CDVStatusBar.m */,
				D0615D83FDCE4AA69D9F382B /* CDVStatusBar.h */,
				61AE5C363B164C34B584B21B /* CDVVibration.m */,
				CB65328ED640457286F8BF42 /* CDVVibration.h */,
				229DC813E9B44842BD2936BD /* FileOpener2.m */,
				2B8A8762838B4004A66F8E5B /* FileOpener2.h */,
				09A02B913827464C99B49D10 /* CDVSpinnerDialog.m */,
				FC22A98D98D947A3A30D2C95 /* CDVSpinnerDialog.h */,
				EEFC2597FE7C4A6FA5AAA38B /* Toast+UIView.m */,
				2D049706919A4C77981BC98A /* Toast.m */,
				8720B9A552A644FAB478D404 /* Toast+UIView.h */,
				0224658CF946499B98ADEB2C /* Toast.h */,
				CDFCA9084CDE48DC84727AA8 /* AppDelegate+notification.m */,
				D70B5522363B4BC68386DC0E /* PushPlugin.m */,
				6405994AEEB547A1A1180496 /* AppDelegate+notification.h */,
				155C815648BA43409C367F71 /* PushPlugin.h */,
			);
			name = Plugins;
			path = "IKE VW/Plugins";
			sourceTree = SOURCE_ROOT;
		};
		EB87FDF11871DA420020F90C /* Staging */ = {
			isa = PBXGroup;
			children = (
				F840E1F0165FE0F500CFE078 /* config.xml */,
				301BF56E109A69640062928A /* www */,
			);
			name = Staging;
			sourceTree = "<group>";
		};
/* End PBXGroup section */

/* Begin PBXNativeTarget section */
		1D6058900D05DD3D006BFB54 /* IKE VW */ = {
			isa = PBXNativeTarget;
			buildConfigurationList = 1D6058960D05DD3E006BFB54 /* Build configuration list for PBXNativeTarget "IKE VW" */;
			buildPhases = (
				304B58A110DAC018002A0835 /* Copy www directory */,
				1D60588D0D05DD3D006BFB54 /* Resources */,
				1D60588E0D05DD3D006BFB54 /* Sources */,
				1D60588F0D05DD3D006BFB54 /* Frameworks */,
			);
			buildRules = (
			);
			dependencies = (
				301BF551109A68C00062928A /* PBXTargetDependency */,
			);
			name = "IKE VW";
			productName = "IKE VW";
			productReference = 1D6058910D05DD3D006BFB54 /* IKE VW.app */;
			productType = "com.apple.product-type.application";
		};
/* End PBXNativeTarget section */

/* Begin PBXProject section */
		29B97313FDCFA39411CA2CEA /* Project object */ = {
			isa = PBXProject;
			attributes = {
				LastUpgradeCheck = 510;
			};
			buildConfigurationList = C01FCF4E08A954540054247B /* Build configuration list for PBXProject "__NON-CLI__" */;
			compatibilityVersion = "Xcode 3.2";
			developmentRegion = English;
			hasScannedForEncodings = 1;
			mainGroup = 29B97314FDCFA39411CA2CEA /* CustomTemplate */;
			projectDirPath = "";
			projectReferences = (
				{
					ProductGroup = 301BF52E109A57CC0062928A /* Products */;
					ProjectRef = 301BF52D109A57CC0062928A /* CordovaLib.xcodeproj */;
				},
			);
			projectRoot = "";
			targets = (
				1D6058900D05DD3D006BFB54 /* IKE VW */,
			);
		};
/* End PBXProject section */

/* Begin PBXReferenceProxy section */
		301BF535109A57CC0062928A /* libCordova.a */ = {
			isa = PBXReferenceProxy;
			fileType = archive.ar;
			path = libCordova.a;
			remoteRef = 301BF534109A57CC0062928A /* PBXContainerItemProxy */;
			sourceTree = BUILT_PRODUCTS_DIR;
		};
/* End PBXReferenceProxy section */

/* Begin PBXResourcesBuildPhase section */
		1D60588D0D05DD3D006BFB54 /* Resources */ = {
			isa = PBXResourcesBuildPhase;
			buildActionMask = 2147483647;
			files = (
				302D95F214D2391D003F00A1 /* MainViewController.xib in Resources */,
				0207DA581B56EA530066E2B4 /* Images.xcassets in Resources */,
				6AFF5BF91D6E424B00AB3073 /* CDVLaunchScreen.storyboard in Resources */,
				50A854CE5CF240DE88F0E038 /* CDVNotification.bundle in Resources */,
				23D2C8DE59E9401287C161FD /* CDVCapture.bundle in Resources */,
			);
			runOnlyForDeploymentPostprocessing = 0;
		};
/* End PBXResourcesBuildPhase section */

/* Begin PBXShellScriptBuildPhase section */
		304B58A110DAC018002A0835 /* Copy www directory */ = {
			isa = PBXShellScriptBuildPhase;
			buildActionMask = 2147483647;
			files = (
			);
			inputPaths = (
			);
			name = "Copy www directory";
			outputPaths = (
			);
			runOnlyForDeploymentPostprocessing = 0;
			shellPath = /bin/sh;
			shellScript = "NODEJS_PATH=/usr/local/bin; NVM_NODE_PATH=~/.nvm/versions/node/`nvm version 2>/dev/null`/bin; N_NODE_PATH=`find /usr/local/n/versions/node/* -maxdepth 0 -type d 2>/dev/null | tail -1`/bin; XCODE_NODE_PATH=`xcode-select --print-path`/usr/share/xcs/Node/bin; PATH=$NODEJS_PATH:$NVM_NODE_PATH:$N_NODE_PATH:$XCODE_NODE_PATH:$PATH && node cordova/lib/copy-www-build-step.js";
			showEnvVarsInLog = 0;
		};
/* End PBXShellScriptBuildPhase section */

/* Begin PBXSourcesBuildPhase section */
		1D60588E0D05DD3D006BFB54 /* Sources */ = {
			isa = PBXSourcesBuildPhase;
			buildActionMask = 2147483647;
			files = (
				1D60589B0D05DD56006BFB54 /* main.m in Sources */,
				1D3623260D0F684500981E51 /* AppDelegate.m in Sources */,
				302D95F114D2391D003F00A1 /* MainViewController.m in Sources */,
				83ED8D6B62CE4BDA9ACA5FA0 /* CDVBattery.m in Sources */,
				A5D64FC3CC7049EDBEDA5F77 /* UIImage+CropScaleOrientation.m in Sources */,
				C4BF67BBD7D14C8587AAEC21 /* CDVCamera.m in Sources */,
				E392EC86B55148388ED6A45D /* CDVJpegHeaderWriter.m in Sources */,
				FA334962E5A44D4B8C8D7629 /* CDVLogger.m in Sources */,
				C22D24F4425E473481D0BD70 /* CDVContacts.m in Sources */,
				41C6D5D5E8A04B4AA372A625 /* CDVContact.m in Sources */,
				4A5DFFADBC4742E1957415A4 /* CDVDevice.m in Sources */,
				BCF87FEEC0164980B5B1E583 /* CDVAccelerometer.m in Sources */,
				1BB524FA7C8048659775203F /* CDVCompass.m in Sources */,
				A5C4FD8A8DCD409984AB8533 /* CDVNotification.m in Sources */,
				C574CD98A2AC40D3B60EFF7F /* CDVFile.m in Sources */,
				B3AC180AD4A2408984F4AFA4 /* CDVLocalFilesystem.m in Sources */,
				BCEA45C0366B46C9AE043E37 /* CDVAssetLibraryFilesystem.m in Sources */,
				55A287E5B61E4F2D9A1751AD /* CDVFileTransfer.m in Sources */,
				09FC41D1C4214074AF37C3BA /* CDVLocation.m in Sources */,
				13ECA9CE7E4B4D36A5F4FFAD /* CDVGlobalization.m in Sources */,
				AB99CE451CD647C9A05BFE92 /* CDVInAppBrowser.m in Sources */,
				7938D21C90084B38A0067CD5 /* CDVSound.m in Sources */,
				C5FA72AFF7764BFF8F71C0E4 /* CDVCapture.m in Sources */,
				4F207F39703D4661B2A249C6 /* CDVConnection.m in Sources */,
				5AB30644EC824E94BFA7DF5F /* CDVReachability.m in Sources */,
				72B5DEFEE8E647DA9C0E07F3 /* CDVSplashScreen.m in Sources */,
				EACA263F722B457EB6234184 /* CDVViewController+SplashScreen.m in Sources */,
				0576EA3FD9BF40C1BC76D623 /* CDVStatusBar.m in Sources */,
				317C3B77BFB344778A11CEE7 /* CDVVibration.m in Sources */,
				978E67A1F23342A68CA9A2D0 /* FileOpener2.m in Sources */,
				95BA464F1DAA4BA59998D32E /* CDVSpinnerDialog.m in Sources */,
				693F6C2C77374A80858927B3 /* Toast+UIView.m in Sources */,
				BBD7AEF87CE142C2B249C273 /* Toast.m in Sources */,
				86A08A59610B4C2099B81826 /* AppDelegate+notification.m in Sources */,
				C8EF686E45A04278B60EA1DB /* PushPlugin.m in Sources */,
			);
			runOnlyForDeploymentPostprocessing = 0;
		};
/* End PBXSourcesBuildPhase section */

/* Begin PBXTargetDependency section */
		301BF551109A68C00062928A /* PBXTargetDependency */ = {
			isa = PBXTargetDependency;
			name = CordovaLib;
			targetProxy = 301BF550109A68C00062928A /* PBXContainerItemProxy */;
		};
/* End PBXTargetDependency section */

/* Begin XCBuildConfiguration section */
		1D6058940D05DD3E006BFB54 /* Debug */ = {
			isa = XCBuildConfiguration;
			baseConfigurationReference = 3047A50F1AB8059700498E2A /* build-debug.xcconfig */;
			buildSettings = {
				ALWAYS_SEARCH_USER_PATHS = NO;
				ASSETCATALOG_COMPILER_APPICON_NAME = AppIcon;
				ASSETCATALOG_COMPILER_LAUNCHIMAGE_NAME = LaunchImage;
				CLANG_ENABLE_MODULES = YES;
				CLANG_ENABLE_OBJC_ARC = YES;
				COPY_PHASE_STRIP = NO;
				GCC_DYNAMIC_NO_PIC = NO;
				GCC_OPTIMIZATION_LEVEL = 0;
				GCC_PRECOMPILE_PREFIX_HEADER = YES;
				GCC_PREFIX_HEADER = "IKE VW/IKE VW-Prefix.pch";
				GCC_THUMB_SUPPORT = NO;
				GCC_VERSION = "";
				INFOPLIST_FILE = "IKE VW/IKE VW-Info.plist";
				IPHONEOS_DEPLOYMENT_TARGET = 9.0;
				LD_RUNPATH_SEARCH_PATHS = "@executable_path/Frameworks";
				TARGETED_DEVICE_FAMILY = "1,2";
				PRODUCT_NAME = "IKE VW";
			};
			name = Debug;
		};
		1D6058950D05DD3E006BFB54 /* Release */ = {
			isa = XCBuildConfiguration;
			baseConfigurationReference = 3047A5101AB8059700498E2A /* build-release.xcconfig */;
			buildSettings = {
				ALWAYS_SEARCH_USER_PATHS = NO;
				ASSETCATALOG_COMPILER_APPICON_NAME = AppIcon;
				ASSETCATALOG_COMPILER_LAUNCHIMAGE_NAME = LaunchImage;
				CLANG_ENABLE_MODULES = YES;
				CLANG_ENABLE_OBJC_ARC = YES;
				COPY_PHASE_STRIP = YES;
				GCC_PRECOMPILE_PREFIX_HEADER = YES;
				GCC_PREFIX_HEADER = "IKE VW/IKE VW-Prefix.pch";
				GCC_THUMB_SUPPORT = NO;
				GCC_VERSION = "";
				INFOPLIST_FILE = "IKE VW/IKE VW-Info.plist";
				IPHONEOS_DEPLOYMENT_TARGET = 9.0;
				LD_RUNPATH_SEARCH_PATHS = "@executable_path/Frameworks";
				TARGETED_DEVICE_FAMILY = "1,2";
				PRODUCT_NAME = "IKE VW";
			};
			name = Release;
		};
		C01FCF4F08A954540054247B /* Debug */ = {
			isa = XCBuildConfiguration;
			baseConfigurationReference = 3047A5111AB8059700498E2A /* build.xcconfig */;
			buildSettings = {
				CLANG_ENABLE_MODULES = YES;
				CLANG_ENABLE_OBJC_ARC = YES;
				CLANG_WARN_BOOL_CONVERSION = YES;
				CLANG_WARN_CONSTANT_CONVERSION = YES;
				CLANG_WARN_EMPTY_BODY = YES;
				CLANG_WARN_ENUM_CONVERSION = YES;
				CLANG_WARN_INT_CONVERSION = YES;
				CLANG_WARN__DUPLICATE_METHOD_MATCH = YES;
				GCC_C_LANGUAGE_STANDARD = c99;
				GCC_THUMB_SUPPORT = NO;
				GCC_VERSION = "";
				GCC_WARN_ABOUT_RETURN_TYPE = YES;
				GCC_WARN_UNDECLARED_SELECTOR = YES;
				GCC_WARN_UNINITIALIZED_AUTOS = YES;
				GCC_WARN_UNUSED_FUNCTION = YES;
				GCC_WARN_UNUSED_VARIABLE = YES;
				ONLY_ACTIVE_ARCH = YES;
				SDKROOT = iphoneos;
				SKIP_INSTALL = NO;
				TARGETED_DEVICE_FAMILY = "1,2";
				ASSETCATALOG_COMPILER_LAUNCHIMAGE_NAME = LaunchImage;
			};
			name = Debug;
		};
		C01FCF5008A954540054247B /* Release */ = {
			isa = XCBuildConfiguration;
			baseConfigurationReference = 3047A5111AB8059700498E2A /* build.xcconfig */;
			buildSettings = {
				CLANG_ENABLE_MODULES = YES;
				CLANG_ENABLE_OBJC_ARC = YES;
				CLANG_WARN_BOOL_CONVERSION = YES;
				CLANG_WARN_CONSTANT_CONVERSION = YES;
				CLANG_WARN_EMPTY_BODY = YES;
				CLANG_WARN_ENUM_CONVERSION = YES;
				CLANG_WARN_INT_CONVERSION = YES;
				CLANG_WARN__DUPLICATE_METHOD_MATCH = YES;
				GCC_C_LANGUAGE_STANDARD = c99;
				GCC_THUMB_SUPPORT = NO;
				GCC_VERSION = "";
				GCC_WARN_ABOUT_RETURN_TYPE = YES;
				GCC_WARN_UNDECLARED_SELECTOR = YES;
				GCC_WARN_UNINITIALIZED_AUTOS = YES;
				GCC_WARN_UNUSED_FUNCTION = YES;
				GCC_WARN_UNUSED_VARIABLE = YES;
				SDKROOT = iphoneos;
				SKIP_INSTALL = NO;
				TARGETED_DEVICE_FAMILY = "1,2";
				ASSETCATALOG_COMPILER_LAUNCHIMAGE_NAME = LaunchImage;
			};
			name = Release;
		};
/* End XCBuildConfiguration section */

/* Begin XCConfigurationList section */
		1D6058960D05DD3E006BFB54 /* Build configuration list for PBXNativeTarget "IKE VW" */ = {
			isa = XCConfigurationList;
			buildConfigurations = (
				1D6058940D05DD3E006BFB54 /* Debug */,
				1D6058950D05DD3E006BFB54 /* Release */,
			);
			defaultConfigurationIsVisible = 0;
			defaultConfigurationName = Release;
		};
		C01FCF4E08A954540054247B /* Build configuration list for PBXProject "__NON-CLI__" */ = {
			isa = XCConfigurationList;
			buildConfigurations = (
				C01FCF4F08A954540054247B /* Debug */,
				C01FCF5008A954540054247B /* Release */,
			);
			defaultConfigurationIsVisible = 0;
			defaultConfigurationName = Release;
		};
/* End XCConfigurationList section */
	};
	rootObject = 29B97313FDCFA39411CA2CEA /* Project object */;
}
