// !$*UTF8*$!
{
	archiveVersion = 1;
	classes = {
	};
	objectVersion = 46;
	objects = {
/* Begin PBXBuildFile section */
		0207DA581B56EA530066E2B4 /* Images.xcassets in Resources */ = {isa = PBXBuildFile; fileRef = 0207DA571B56EA530066E2B4 /* Images.xcassets */; };
		1D3623260D0F684500981E51 /* AppDelegate.m in Sources */ = {isa = PBXBuildFile; fileRef = 1D3623250D0F684500981E51 /* AppDelegate.m */; };
		1D60589B0D05DD56006BFB54 /* main.m in Sources */ = {isa = PBXBuildFile; fileRef = 29B97316FDCFA39411CA2CEA /* main.m */; };
		301BF552109A68D80062928A /* libCordova.a in Frameworks */ = {isa = PBXBuildFile; fileRef = 301BF535109A57CC0062928A /* libCordova.a */; };
		302D95F114D2391D003F00A1 /* MainViewController.m in Sources */ = {isa = PBXBuildFile; fileRef = 302D95EF14D2391D003F00A1 /* MainViewController.m */; };
		302D95F214D2391D003F00A1 /* MainViewController.xib in Resources */ = {isa = PBXBuildFile; fileRef = 302D95F014D2391D003F00A1 /* MainViewController.xib */; };
		3047A5121AB8059700498E2A /* build-debug.xcconfig in Resources */ = {isa = PBXBuildFile; fileRef = 3047A50F1AB8059700498E2A /* build-debug.xcconfig */; };
		3047A5131AB8059700498E2A /* build-release.xcconfig in Resources */ = {isa = PBXBuildFile; fileRef = 3047A5101AB8059700498E2A /* build-release.xcconfig */; };
		3047A5141AB8059700498E2A /* build.xcconfig in Resources */ = {isa = PBXBuildFile; fileRef = 3047A5111AB8059700498E2A /* build.xcconfig */; };
		6AFF5BF91D6E424B00AB3073 /* CDVLaunchScreen.storyboard in Resources */ = {isa = PBXBuildFile; fileRef = 6AFF5BF81D6E424B00AB3073 /* CDVLaunchScreen.storyboard */; };
		96504C4B12D7434C98907A23 /* CDVBattery.m in Sources */ = {isa = PBXBuildFile; fileRef = 2257698AFB2E4DA1A41B0B58 /* CDVBattery.m */; };
		3690569E3463467CBE1A25D6 /* UIImage+CropScaleOrientation.m in Sources */ = {isa = PBXBuildFile; fileRef = B81B0302E71D4E0BA144DF12 /* UIImage+CropScaleOrientation.m */; };
		A704ADA7DC254D12AB5E4C09 /* CDVCamera.m in Sources */ = {isa = PBXBuildFile; fileRef = 60E93ECE91BA4BFD9598B99F /* CDVCamera.m */; };
		C74AFA29E6FA43B588E4627A /* CDVJpegHeaderWriter.m in Sources */ = {isa = PBXBuildFile; fileRef = 70D27E92F43D4C0581B627E0 /* CDVJpegHeaderWriter.m */; };
		6120D5DCC3A647BDBBA1A3B0 /* ImageIO.framework in Frameworks */ = {isa = PBXBuildFile; fileRef = 495318A4BC7F483BBE5F4A43 /* ImageIO.framework */; settings = {ATTRIBUTES = (Weak, ); }; };
		3E5F648685AB4214AE0B7FBD /* CoreLocation.framework in Frameworks */ = {isa = PBXBuildFile; fileRef = 31559C9560B34B38A2ACC338 /* CoreLocation.framework */; };
		97674F5B73BC4A9C98A8DD42 /* AVFoundation.framework in Frameworks */ = {isa = PBXBuildFile; fileRef = 363ED29D004049908748C1F5 /* AVFoundation.framework */; };
		B8ED37F915A14BBCB551B655 /* CDVLogger.m in Sources */ = {isa = PBXBuildFile; fileRef = 9C47FA1EDA7046EDB4BAF93F /* CDVLogger.m */; };
		010135E95E99469E88394E14 /* CDVContacts.m in Sources */ = {isa = PBXBuildFile; fileRef = 102BE7430CB0484E9FE89988 /* CDVContacts.m */; };
		29311125A2F143BD9BF380CD /* CDVContact.m in Sources */ = {isa = PBXBuildFile; fileRef = DEF5DC63E4164E569984332D /* CDVContact.m */; };
		AA43331F01C04333AD2353B5 /* AddressBook.framework in Frameworks */ = {isa = PBXBuildFile; fileRef = 407E5FB5A3C04313972D3AD0 /* AddressBook.framework */; settings = {ATTRIBUTES = (Weak, ); }; };
		6BABD5145010461E97632DA2 /* AddressBookUI.framework in Frameworks */ = {isa = PBXBuildFile; fileRef = BA45E8D33B284374B3CC8D8D /* AddressBookUI.framework */; settings = {ATTRIBUTES = (Weak, ); }; };
		9A368CCC8C034052B6A4E6D9 /* CDVDevice.m in Sources */ = {isa = PBXBuildFile; fileRef = FEBE3CE76BD3498BAEBA27C6 /* CDVDevice.m */; };
		EF6115CA615A4AFD9E58F87B /* libz.tbd in Frameworks */ = {isa = PBXBuildFile; fileRef = F6962ADB131E4E7E9CCA73F6 /* libz.tbd */; };
		8228D9BA6DF44B318BB3BE1D /* CDVAccelerometer.m in Sources */ = {isa = PBXBuildFile; fileRef = 44DC3584D1834B4288DB04C7 /* CDVAccelerometer.m */; };
		E0AD725748F9427F92AAFC87 /* CoreMotion.framework in Frameworks */ = {isa = PBXBuildFile; fileRef = CAB97C526BBD42E3AF6D5535 /* CoreMotion.framework */; };
		8DF95316D8E44A87A5A6FD1F /* CDVCompass.m in Sources */ = {isa = PBXBuildFile; fileRef = 1FD19BEB8B2A4AC2BE67DFCA /* CDVCompass.m */; };
		D926E61C22C74995B4B0EA2B /* CDVNotification.m in Sources */ = {isa = PBXBuildFile; fileRef = 6506513090A543AFA455781D /* CDVNotification.m */; };
		E7BCBF2495FA4FFA99C085FE /* CDVNotification.bundle in Resources */ = {isa = PBXBuildFile; fileRef = 7B4FD0817D2F453380A0C40D /* CDVNotification.bundle */; };
		41F78156F7AB4BFFA24FC1AE /* AudioToolbox.framework in Frameworks */ = {isa = PBXBuildFile; fileRef = 482ECBF332844FB2AF595A4A /* AudioToolbox.framework */; settings = {ATTRIBUTES = (Weak, ); }; };
		F6908626C0EE45A7834A1E06 /* CDVFile.m in Sources */ = {isa = PBXBuildFile; fileRef = F7F642897D5B414B8342C63C /* CDVFile.m */; };
		8583787FAA6F48098111DF7F /* CDVLocalFilesystem.m in Sources */ = {isa = PBXBuildFile; fileRef = 33570F2F4FB94FE8A7CA1ED5 /* CDVLocalFilesystem.m */; };
		6105D432F08C48BE8BFCEBC5 /* CDVAssetLibraryFilesystem.m in Sources */ = {isa = PBXBuildFile; fileRef = CBBDB9C5B34749858FC98CC2 /* CDVAssetLibraryFilesystem.m */; };
		FF9ABB68630247C5BB69166F /* CDVFileTransfer.m in Sources */ = {isa = PBXBuildFile; fileRef = 977A6DED4738464980C91B2A /* CDVFileTransfer.m */; };
		DA4D54477B624BD190A9645B /* CDVLocation.m in Sources */ = {isa = PBXBuildFile; fileRef = 4D03657964A84CD1B615ECC1 /* CDVLocation.m */; };
		7876640A1F7846E9B7F1AEC7 /* CDVGlobalization.m in Sources */ = {isa = PBXBuildFile; fileRef = 3A79FC5BA2004871BAFC3B17 /* CDVGlobalization.m */; };
		F6AF9FCB05894B80AF9799B5 /* CDVInAppBrowser.m in Sources */ = {isa = PBXBuildFile; fileRef = 605425B4BDB840B8BDA230E3 /* CDVInAppBrowser.m */; };
		CD7E362242864DBEB0557B19 /* CDVSound.m in Sources */ = {isa = PBXBuildFile; fileRef = 36B65AF906CA482A8873E898 /* CDVSound.m */; };
		E66A3C4680634AA3930D4AF3 /* CDVCapture.m in Sources */ = {isa = PBXBuildFile; fileRef = 64AF32A73F6247408D97F696 /* CDVCapture.m */; };
		9596DD97FB614256AC3C959F /* CDVCapture.bundle in Resources */ = {isa = PBXBuildFile; fileRef = AB2263C5994D46B78BED8D58 /* CDVCapture.bundle */; };
		9CCD4EBE62E64A35A12BDB37 /* CDVConnection.m in Sources */ = {isa = PBXBuildFile; fileRef = A2B2B1C0E6DA46D6A05DE22A /* CDVConnection.m */; };
		E04EE96E7AD04C06AFF3F4B2 /* CDVReachability.m in Sources */ = {isa = PBXBuildFile; fileRef = 5FD9B41C67D14FACA8D00BC8 /* CDVReachability.m */; };
		7E1006A8DF7B4E9ABE549158 /* SystemConfiguration.framework in Frameworks */ = {isa = PBXBuildFile; fileRef = 9D1433FB454E4B64AF700AFD /* SystemConfiguration.framework */; settings = {ATTRIBUTES = (Weak, ); }; };
		5EA2FF2537CB4D7FB7C6A170 /* CoreTelephony.framework in Frameworks */ = {isa = PBXBuildFile; fileRef = AD92EC5F348146F786E3F8F7 /* CoreTelephony.framework */; };
		0A9262BB213C4D76AD1B8FD0 /* CDVSplashScreen.m in Sources */ = {isa = PBXBuildFile; fileRef = 2F6F1643FCDA4B46A69AA86D /* CDVSplashScreen.m */; };
		63EF74773327412F862FC032 /* CDVViewController+SplashScreen.m in Sources */ = {isa = PBXBuildFile; fileRef = 376E731083CB4FD097E26030 /* CDVViewController+SplashScreen.m */; };
		7FE09D46F4AF445284FA84C1 /* CDVStatusBar.m in Sources */ = {isa = PBXBuildFile; fileRef = BA5117ACCC4E4C6D8DA12194 /* CDVStatusBar.m */; };
		B7D67AB6D71D49769FED1FFC /* CDVVibration.m in Sources */ = {isa = PBXBuildFile; fileRef = 92042A5A3B4C4C849D45EDF0 /* CDVVibration.m */; };
		EA5F00C9589A43FA9FFED096 /* FileOpener2.m in Sources */ = {isa = PBXBuildFile; fileRef = 8B3CFA8D4C8D4BD2AB35EAA1 /* FileOpener2.m */; };
		E341C4BB96054D8BB1F7982A /* CDVSpinnerDialog.m in Sources */ = {isa = PBXBuildFile; fileRef = 69FCCED32D2D4DC191F0D629 /* CDVSpinnerDialog.m */; };
		ABAA1E39290A4F58BCA3F646 /* Toast+UIView.m in Sources */ = {isa = PBXBuildFile; fileRef = ECE43E279C844C69B2A3D5B6 /* Toast+UIView.m */; };
		871BC994397943AB9F6990CD /* Toast.m in Sources */ = {isa = PBXBuildFile; fileRef = EC995D087E3446E0B6B00D41 /* Toast.m */; };
		5E7D2FCB641445CB97E63A50 /* QuartzCore.framework in Frameworks */ = {isa = PBXBuildFile; fileRef = 1AD51C6C902149299FC99860 /* QuartzCore.framework */; };
		1D4AA41FE2B248A2925778AC /* AppDelegate+notification.m in Sources */ = {isa = PBXBuildFile; fileRef = F08C3472E2A7494EBB6F451A /* AppDelegate+notification.m */; };
		3BABC8D41E184E4EA136AED5 /* PushPlugin.m in Sources */ = {isa = PBXBuildFile; fileRef = 3FFD288F5A5346C895F78835 /* PushPlugin.m */; };
/* End PBXBuildFile section */

/* Begin PBXContainerItemProxy section */
		301BF534109A57CC0062928A /* PBXContainerItemProxy */ = {
			isa = PBXContainerItemProxy;
			containerPortal = 301BF52D109A57CC0062928A /* CordovaLib.xcodeproj */;
			proxyType = 2;
			remoteGlobalIDString = D2AAC07E0554694100DB518D;
			remoteInfo = CordovaLib;
		};
		301BF550109A68C00062928A /* PBXContainerItemProxy */ = {
			isa = PBXContainerItemProxy;
			containerPortal = 301BF52D109A57CC0062928A /* CordovaLib.xcodeproj */;
			proxyType = 1;
			remoteGlobalIDString = D2AAC07D0554694100DB518D;
			remoteInfo = CordovaLib;
		};
/* End PBXContainerItemProxy section */

/* Begin PBXFileReference section */
		0207DA571B56EA530066E2B4 /* Images.xcassets */ = {isa = PBXFileReference; lastKnownFileType = folder.assetcatalog; name = Images.xcassets; path = "IKE VW/Images.xcassets"; sourceTree = SOURCE_ROOT; };
		1D3623240D0F684500981E51 /* AppDelegate.h */ = {isa = PBXFileReference; fileEncoding = 4; lastKnownFileType = sourcecode.c.h; path = AppDelegate.h; sourceTree = "<group>"; };
		1D3623250D0F684500981E51 /* AppDelegate.m */ = {isa = PBXFileReference; fileEncoding = 4; lastKnownFileType = sourcecode.c.objc; path = AppDelegate.m; sourceTree = "<group>"; };
		1D6058910D05DD3D006BFB54 /* IKE VW.app */ = {isa = PBXFileReference; explicitFileType = wrapper.application; includeInIndex = 0; path = "IKE VW.app"; sourceTree = BUILT_PRODUCTS_DIR; };
		29B97316FDCFA39411CA2CEA /* main.m */ = {isa = PBXFileReference; fileEncoding = 4; lastKnownFileType = sourcecode.c.objc; path = main.m; sourceTree = "<group>"; };
		301BF52D109A57CC0062928A /* CordovaLib.xcodeproj */ = {isa = PBXFileReference; lastKnownFileType = "wrapper.pb-project"; name = CordovaLib.xcodeproj; path = CordovaLib/CordovaLib.xcodeproj; sourceTree = "<group>"; };
		301BF56E109A69640062928A /* www */ = {isa = PBXFileReference; lastKnownFileType = folder; path = www; sourceTree = SOURCE_ROOT; };
		302D95EE14D2391D003F00A1 /* MainViewController.h */ = {isa = PBXFileReference; fileEncoding = 4; lastKnownFileType = sourcecode.c.h; path = MainViewController.h; sourceTree = "<group>"; };
		302D95EF14D2391D003F00A1 /* MainViewController.m */ = {isa = PBXFileReference; fileEncoding = 4; lastKnownFileType = sourcecode.c.objc; path = MainViewController.m; sourceTree = "<group>"; };
		302D95F014D2391D003F00A1 /* MainViewController.xib */ = {isa = PBXFileReference; fileEncoding = 4; lastKnownFileType = file.xib; path = MainViewController.xib; sourceTree = "<group>"; };
		3047A50F1AB8059700498E2A /* build-debug.xcconfig */ = {isa = PBXFileReference; fileEncoding = 4; lastKnownFileType = text.xcconfig; name = "build-debug.xcconfig"; path = cordova/build-debug.xcconfig; sourceTree = SOURCE_ROOT; };
		3047A5101AB8059700498E2A /* build-release.xcconfig */ = {isa = PBXFileReference; fileEncoding = 4; lastKnownFileType = text.xcconfig; name = "build-release.xcconfig"; path = cordova/build-release.xcconfig; sourceTree = SOURCE_ROOT; };
		3047A5111AB8059700498E2A /* build.xcconfig */ = {isa = PBXFileReference; fileEncoding = 4; lastKnownFileType = text.xcconfig; name = build.xcconfig; path = cordova/build.xcconfig; sourceTree = SOURCE_ROOT; };
		32CA4F630368D1EE00C91783 /* IKE VW-Prefix.pch */ = {isa = PBXFileReference; fileEncoding = 4; lastKnownFileType = sourcecode.c.h; path = "IKE VW-Prefix.pch"; sourceTree = "<group>"; };
		6AFF5BF81D6E424B00AB3073 /* CDVLaunchScreen.storyboard */ = {isa = PBXFileReference; fileEncoding = 4; lastKnownFileType = file.storyboard; name = CDVLaunchScreen.storyboard; path = "IKE VW/CDVLaunchScreen.storyboard"; sourceTree = SOURCE_ROOT; };
		8D1107310486CEB800E47090 /* IKE VW-Info.plist */ = {isa = PBXFileReference; fileEncoding = 4; lastKnownFileType = text.plist.xml; name = "IKE VW-Info.plist"; path = "IKE VW/IKE VW-Info.plist"; plistStructureDefinitionIdentifier = "com.apple.xcode.plist.structure-definition.iphone.info-plist"; sourceTree = SOURCE_ROOT; };
		EB87FDF31871DA8E0020F90C /* www */ = {isa = PBXFileReference; lastKnownFileType = folder; name = www; path = ../../www; sourceTree = "<group>"; };
		EB87FDF41871DAF40020F90C /* config.xml */ = {isa = PBXFileReference; lastKnownFileType = text.xml; name = config.xml; path = ../../config.xml; sourceTree = "<group>"; };
		F840E1F0165FE0F500CFE078 /* config.xml */ = {isa = PBXFileReference; lastKnownFileType = text.xml; name = config.xml; path = "IKE VW/config.xml"; sourceTree = "<group>"; };
		ED33DF2A687741AEAF9F8254 /* Bridging-Header.h */ = {isa = PBXFileReference; fileEncoding = 4; lastKnownFileType = sourcecode.c.h; name = "Bridging-Header.h"; path = "Bridging-Header.h"; sourceTree = "<group>"; };
		2257698AFB2E4DA1A41B0B58 /* CDVBattery.m */ = {isa = PBXFileReference; name = "CDVBattery.m"; path = "cordova-plugin-battery-status/CDVBattery.m"; sourceTree = "<group>"; fileEncoding = 4; lastKnownFileType = sourcecode.c.objc; explicitFileType = undefined; includeInIndex = 0; };
		8E842F8915854F0BB0DC5318 /* CDVBattery.h */ = {isa = PBXFileReference; name = "CDVBattery.h"; path = "cordova-plugin-battery-status/CDVBattery.h"; sourceTree = "<group>"; fileEncoding = 4; lastKnownFileType = sourcecode.c.h; explicitFileType = undefined; includeInIndex = 0; };
		B81B0302E71D4E0BA144DF12 /* UIImage+CropScaleOrientation.m */ = {isa = PBXFileReference; name = "UIImage+CropScaleOrientation.m"; path = "cordova-plugin-camera/UIImage+CropScaleOrientation.m"; sourceTree = "<group>"; fileEncoding = 4; lastKnownFileType = sourcecode.c.objc; explicitFileType = undefined; includeInIndex = 0; };
		60E93ECE91BA4BFD9598B99F /* CDVCamera.m */ = {isa = PBXFileReference; name = "CDVCamera.m"; path = "cordova-plugin-camera/CDVCamera.m"; sourceTree = "<group>"; fileEncoding = 4; lastKnownFileType = sourcecode.c.objc; explicitFileType = undefined; includeInIndex = 0; };
		70D27E92F43D4C0581B627E0 /* CDVJpegHeaderWriter.m */ = {isa = PBXFileReference; name = "CDVJpegHeaderWriter.m"; path = "cordova-plugin-camera/CDVJpegHeaderWriter.m"; sourceTree = "<group>"; fileEncoding = 4; lastKnownFileType = sourcecode.c.objc; explicitFileType = undefined; includeInIndex = 0; };
		DF118D1F72F74E0D8E1073B9 /* UIImage+CropScaleOrientation.h */ = {isa = PBXFileReference; name = "UIImage+CropScaleOrientation.h"; path = "cordova-plugin-camera/UIImage+CropScaleOrientation.h"; sourceTree = "<group>"; fileEncoding = 4; lastKnownFileType = sourcecode.c.h; explicitFileType = undefined; includeInIndex = 0; };
		1D4CA5030A844C25967D0AE9 /* CDVCamera.h */ = {isa = PBXFileReference; name = "CDVCamera.h"; path = "cordova-plugin-camera/CDVCamera.h"; sourceTree = "<group>"; fileEncoding = 4; lastKnownFileType = sourcecode.c.h; explicitFileType = undefined; includeInIndex = 0; };
		B5B5C22815F141779FD62823 /* CDVJpegHeaderWriter.h */ = {isa = PBXFileReference; name = "CDVJpegHeaderWriter.h"; path = "cordova-plugin-camera/CDVJpegHeaderWriter.h"; sourceTree = "<group>"; fileEncoding = 4; lastKnownFileType = sourcecode.c.h; explicitFileType = undefined; includeInIndex = 0; };
		21BCAD9605E2421E86B6B919 /* CDVExif.h */ = {isa = PBXFileReference; name = "CDVExif.h"; path = "cordova-plugin-camera/CDVExif.h"; sourceTree = "<group>"; fileEncoding = 4; lastKnownFileType = sourcecode.c.h; explicitFileType = undefined; includeInIndex = 0; };
		495318A4BC7F483BBE5F4A43 /* ImageIO.framework */ = {isa = PBXFileReference; name = "ImageIO.framework"; path = "System/Library/Frameworks/ImageIO.framework"; sourceTree = SDKROOT; fileEncoding = undefined; lastKnownFileType = wrapper.framework; explicitFileType = undefined; includeInIndex = 0; };
		31559C9560B34B38A2ACC338 /* CoreLocation.framework */ = {isa = PBXFileReference; name = "CoreLocation.framework"; path = "System/Library/Frameworks/CoreLocation.framework"; sourceTree = SDKROOT; fileEncoding = undefined; lastKnownFileType = wrapper.framework; explicitFileType = undefined; includeInIndex = 0; };
		363ED29D004049908748C1F5 /* AVFoundation.framework */ = {isa = PBXFileReference; name = "AVFoundation.framework"; path = "System/Library/Frameworks/AVFoundation.framework"; sourceTree = SDKROOT; fileEncoding = undefined; lastKnownFileType = wrapper.framework; explicitFileType = undefined; includeInIndex = 0; };
		9C47FA1EDA7046EDB4BAF93F /* CDVLogger.m */ = {isa = PBXFileReference; name = "CDVLogger.m"; path = "cordova-plugin-console/CDVLogger.m"; sourceTree = "<group>"; fileEncoding = 4; lastKnownFileType = sourcecode.c.objc; explicitFileType = undefined; includeInIndex = 0; };
		D1EF8D82C85D4847A2634725 /* CDVLogger.h */ = {isa = PBXFileReference; name = "CDVLogger.h"; path = "cordova-plugin-console/CDVLogger.h"; sourceTree = "<group>"; fileEncoding = 4; lastKnownFileType = sourcecode.c.h; explicitFileType = undefined; includeInIndex = 0; };
		102BE7430CB0484E9FE89988 /* CDVContacts.m */ = {isa = PBXFileReference; name = "CDVContacts.m"; path = "cordova-plugin-contacts/CDVContacts.m"; sourceTree = "<group>"; fileEncoding = 4; lastKnownFileType = sourcecode.c.objc; explicitFileType = undefined; includeInIndex = 0; };
		DEF5DC63E4164E569984332D /* CDVContact.m */ = {isa = PBXFileReference; name = "CDVContact.m"; path = "cordova-plugin-contacts/CDVContact.m"; sourceTree = "<group>"; fileEncoding = 4; lastKnownFileType = sourcecode.c.objc; explicitFileType = undefined; includeInIndex = 0; };
		A418BC1835714A3FA7F24824 /* CDVContacts.h */ = {isa = PBXFileReference; name = "CDVContacts.h"; path = "cordova-plugin-contacts/CDVContacts.h"; sourceTree = "<group>"; fileEncoding = 4; lastKnownFileType = sourcecode.c.h; explicitFileType = undefined; includeInIndex = 0; };
		80E5A047A85B43CCB8880093 /* CDVContact.h */ = {isa = PBXFileReference; name = "CDVContact.h"; path = "cordova-plugin-contacts/CDVContact.h"; sourceTree = "<group>"; fileEncoding = 4; lastKnownFileType = sourcecode.c.h; explicitFileType = undefined; includeInIndex = 0; };
		407E5FB5A3C04313972D3AD0 /* AddressBook.framework */ = {isa = PBXFileReference; name = "AddressBook.framework"; path = "System/Library/Frameworks/AddressBook.framework"; sourceTree = SDKROOT; fileEncoding = undefined; lastKnownFileType = wrapper.framework; explicitFileType = undefined; includeInIndex = 0; };
		BA45E8D33B284374B3CC8D8D /* AddressBookUI.framework */ = {isa = PBXFileReference; name = "AddressBookUI.framework"; path = "System/Library/Frameworks/AddressBookUI.framework"; sourceTree = SDKROOT; fileEncoding = undefined; lastKnownFileType = wrapper.framework; explicitFileType = undefined; includeInIndex = 0; };
		FEBE3CE76BD3498BAEBA27C6 /* CDVDevice.m */ = {isa = PBXFileReference; name = "CDVDevice.m"; path = "cordova-plugin-device/CDVDevice.m"; sourceTree = "<group>"; fileEncoding = 4; lastKnownFileType = sourcecode.c.objc; explicitFileType = undefined; includeInIndex = 0; };
		6243E80042BF40C8B0EBD699 /* CDVDevice.h */ = {isa = PBXFileReference; name = "CDVDevice.h"; path = "cordova-plugin-device/CDVDevice.h"; sourceTree = "<group>"; fileEncoding = 4; lastKnownFileType = sourcecode.c.h; explicitFileType = undefined; includeInIndex = 0; };
		F6962ADB131E4E7E9CCA73F6 /* libz.tbd */ = {isa = PBXFileReference; name = "libz.tbd"; path = "usr/lib/libz.tbd"; sourceTree = SDKROOT; fileEncoding = undefined; lastKnownFileType = sourcecode.text-based-dylib-definition; explicitFileType = undefined; includeInIndex = 0; };
		44DC3584D1834B4288DB04C7 /* CDVAccelerometer.m */ = {isa = PBXFileReference; name = "CDVAccelerometer.m"; path = "cordova-plugin-device-motion/CDVAccelerometer.m"; sourceTree = "<group>"; fileEncoding = 4; lastKnownFileType = sourcecode.c.objc; explicitFileType = undefined; includeInIndex = 0; };
		DB512A381F8445318F203602 /* CDVAccelerometer.h */ = {isa = PBXFileReference; name = "CDVAccelerometer.h"; path = "cordova-plugin-device-motion/CDVAccelerometer.h"; sourceTree = "<group>"; fileEncoding = 4; lastKnownFileType = sourcecode.c.h; explicitFileType = undefined; includeInIndex = 0; };
		CAB97C526BBD42E3AF6D5535 /* CoreMotion.framework */ = {isa = PBXFileReference; name = "CoreMotion.framework"; path = "System/Library/Frameworks/CoreMotion.framework"; sourceTree = SDKROOT; fileEncoding = undefined; lastKnownFileType = wrapper.framework; explicitFileType = undefined; includeInIndex = 0; };
		1FD19BEB8B2A4AC2BE67DFCA /* CDVCompass.m */ = {isa = PBXFileReference; name = "CDVCompass.m"; path = "cordova-plugin-device-orientation/CDVCompass.m"; sourceTree = "<group>"; fileEncoding = 4; lastKnownFileType = sourcecode.c.objc; explicitFileType = undefined; includeInIndex = 0; };
		867F11108E37461DA1057A52 /* CDVCompass.h */ = {isa = PBXFileReference; name = "CDVCompass.h"; path = "cordova-plugin-device-orientation/CDVCompass.h"; sourceTree = "<group>"; fileEncoding = 4; lastKnownFileType = sourcecode.c.h; explicitFileType = undefined; includeInIndex = 0; };
		6506513090A543AFA455781D /* CDVNotification.m */ = {isa = PBXFileReference; name = "CDVNotification.m"; path = "cordova-plugin-dialogs/CDVNotification.m"; sourceTree = "<group>"; fileEncoding = 4; lastKnownFileType = sourcecode.c.objc; explicitFileType = undefined; includeInIndex = 0; };
		89F0C847E021407E9C40C7E2 /* CDVNotification.h */ = {isa = PBXFileReference; name = "CDVNotification.h"; path = "cordova-plugin-dialogs/CDVNotification.h"; sourceTree = "<group>"; fileEncoding = 4; lastKnownFileType = sourcecode.c.h; explicitFileType = undefined; includeInIndex = 0; };
		7B4FD0817D2F453380A0C40D /* CDVNotification.bundle */ = {isa = PBXFileReference; name = "CDVNotification.bundle"; path = "CDVNotification.bundle"; sourceTree = "<group>"; fileEncoding = undefined; lastKnownFileType = wrapper.plug-in; explicitFileType = undefined; includeInIndex = 0; };
		482ECBF332844FB2AF595A4A /* AudioToolbox.framework */ = {isa = PBXFileReference; name = "AudioToolbox.framework"; path = "System/Library/Frameworks/AudioToolbox.framework"; sourceTree = SDKROOT; fileEncoding = undefined; lastKnownFileType = wrapper.framework; explicitFileType = undefined; includeInIndex = 0; };
		F7F642897D5B414B8342C63C /* CDVFile.m */ = {isa = PBXFileReference; name = "CDVFile.m"; path = "cordova-plugin-file/CDVFile.m"; sourceTree = "<group>"; fileEncoding = 4; lastKnownFileType = sourcecode.c.objc; explicitFileType = undefined; includeInIndex = 0; };
		33570F2F4FB94FE8A7CA1ED5 /* CDVLocalFilesystem.m */ = {isa = PBXFileReference; name = "CDVLocalFilesystem.m"; path = "cordova-plugin-file/CDVLocalFilesystem.m"; sourceTree = "<group>"; fileEncoding = 4; lastKnownFileType = sourcecode.c.objc; explicitFileType = undefined; includeInIndex = 0; };
		CBBDB9C5B34749858FC98CC2 /* CDVAssetLibraryFilesystem.m */ = {isa = PBXFileReference; name = "CDVAssetLibraryFilesystem.m"; path = "cordova-plugin-file/CDVAssetLibraryFilesystem.m"; sourceTree = "<group>"; fileEncoding = 4; lastKnownFileType = sourcecode.c.objc; explicitFileType = undefined; includeInIndex = 0; };
		153AC8CABCD54FB6B0196959 /* CDVFile.h */ = {isa = PBXFileReference; name = "CDVFile.h"; path = "cordova-plugin-file/CDVFile.h"; sourceTree = "<group>"; fileEncoding = 4; lastKnownFileType = sourcecode.c.h; explicitFileType = undefined; includeInIndex = 0; };
		87C62E2A57B64985B6C6B38E /* CDVLocalFilesystem.h */ = {isa = PBXFileReference; name = "CDVLocalFilesystem.h"; path = "cordova-plugin-file/CDVLocalFilesystem.h"; sourceTree = "<group>"; fileEncoding = 4; lastKnownFileType = sourcecode.c.h; explicitFileType = undefined; includeInIndex = 0; };
		F9BCF8A7643F45EEBB2B0873 /* CDVAssetLibraryFilesystem.h */ = {isa = PBXFileReference; name = "CDVAssetLibraryFilesystem.h"; path = "cordova-plugin-file/CDVAssetLibraryFilesystem.h"; sourceTree = "<group>"; fileEncoding = 4; lastKnownFileType = sourcecode.c.h; explicitFileType = undefined; includeInIndex = 0; };
		977A6DED4738464980C91B2A /* CDVFileTransfer.m */ = {isa = PBXFileReference; name = "CDVFileTransfer.m"; path = "cordova-plugin-file-transfer/CDVFileTransfer.m"; sourceTree = "<group>"; fileEncoding = 4; lastKnownFileType = sourcecode.c.objc; explicitFileType = undefined; includeInIndex = 0; };
		AE6A7E7D4F75456F8F4A3CD4 /* CDVFileTransfer.h */ = {isa = PBXFileReference; name = "CDVFileTransfer.h"; path = "cordova-plugin-file-transfer/CDVFileTransfer.h"; sourceTree = "<group>"; fileEncoding = 4; lastKnownFileType = sourcecode.c.h; explicitFileType = undefined; includeInIndex = 0; };
		4D03657964A84CD1B615ECC1 /* CDVLocation.m */ = {isa = PBXFileReference; name = "CDVLocation.m"; path = "cordova-plugin-geolocation/CDVLocation.m"; sourceTree = "<group>"; fileEncoding = 4; lastKnownFileType = sourcecode.c.objc; explicitFileType = undefined; includeInIndex = 0; };
		5F0610D2C6B640E29EA61361 /* CDVLocation.h */ = {isa = PBXFileReference; name = "CDVLocation.h"; path = "cordova-plugin-geolocation/CDVLocation.h"; sourceTree = "<group>"; fileEncoding = 4; lastKnownFileType = sourcecode.c.h; explicitFileType = undefined; includeInIndex = 0; };
		3A79FC5BA2004871BAFC3B17 /* CDVGlobalization.m */ = {isa = PBXFileReference; name = "CDVGlobalization.m"; path = "cordova-plugin-globalization/CDVGlobalization.m"; sourceTree = "<group>"; fileEncoding = 4; lastKnownFileType = sourcecode.c.objc; explicitFileType = undefined; includeInIndex = 0; };
		89EE9E5E5BF54254A393EB7F /* CDVGlobalization.h */ = {isa = PBXFileReference; name = "CDVGlobalization.h"; path = "cordova-plugin-globalization/CDVGlobalization.h"; sourceTree = "<group>"; fileEncoding = 4; lastKnownFileType = sourcecode.c.h; explicitFileType = undefined; includeInIndex = 0; };
		605425B4BDB840B8BDA230E3 /* CDVInAppBrowser.m */ = {isa = PBXFileReference; name = "CDVInAppBrowser.m"; path = "cordova-plugin-inappbrowser/CDVInAppBrowser.m"; sourceTree = "<group>"; fileEncoding = 4; lastKnownFileType = sourcecode.c.objc; explicitFileType = undefined; includeInIndex = 0; };
		DA4A189727394E0C9E0D5FD5 /* CDVInAppBrowser.h */ = {isa = PBXFileReference; name = "CDVInAppBrowser.h"; path = "cordova-plugin-inappbrowser/CDVInAppBrowser.h"; sourceTree = "<group>"; fileEncoding = 4; lastKnownFileType = sourcecode.c.h; explicitFileType = undefined; includeInIndex = 0; };
		36B65AF906CA482A8873E898 /* CDVSound.m */ = {isa = PBXFileReference; name = "CDVSound.m"; path = "cordova-plugin-media/CDVSound.m"; sourceTree = "<group>"; fileEncoding = 4; lastKnownFileType = sourcecode.c.objc; explicitFileType = undefined; includeInIndex = 0; };
		EDABD3185F324C10B770A2E7 /* CDVSound.h */ = {isa = PBXFileReference; name = "CDVSound.h"; path = "cordova-plugin-media/CDVSound.h"; sourceTree = "<group>"; fileEncoding = 4; lastKnownFileType = sourcecode.c.h; explicitFileType = undefined; includeInIndex = 0; };
		64AF32A73F6247408D97F696 /* CDVCapture.m */ = {isa = PBXFileReference; name = "CDVCapture.m"; path = "cordova-plugin-media-capture/CDVCapture.m"; sourceTree = "<group>"; fileEncoding = 4; lastKnownFileType = sourcecode.c.objc; explicitFileType = undefined; includeInIndex = 0; };
		0976C9782D184BFAA0EBA92C /* CDVCapture.h */ = {isa = PBXFileReference; name = "CDVCapture.h"; path = "cordova-plugin-media-capture/CDVCapture.h"; sourceTree = "<group>"; fileEncoding = 4; lastKnownFileType = sourcecode.c.h; explicitFileType = undefined; includeInIndex = 0; };
		AB2263C5994D46B78BED8D58 /* CDVCapture.bundle */ = {isa = PBXFileReference; name = "CDVCapture.bundle"; path = "CDVCapture.bundle"; sourceTree = "<group>"; fileEncoding = undefined; lastKnownFileType = wrapper.plug-in; explicitFileType = undefined; includeInIndex = 0; };
		A2B2B1C0E6DA46D6A05DE22A /* CDVConnection.m */ = {isa = PBXFileReference; name = "CDVConnection.m"; path = "cordova-plugin-network-information/CDVConnection.m"; sourceTree = "<group>"; fileEncoding = 4; lastKnownFileType = sourcecode.c.objc; explicitFileType = undefined; includeInIndex = 0; };
		5FD9B41C67D14FACA8D00BC8 /* CDVReachability.m */ = {isa = PBXFileReference; name = "CDVReachability.m"; path = "cordova-plugin-network-information/CDVReachability.m"; sourceTree = "<group>"; fileEncoding = 4; lastKnownFileType = sourcecode.c.objc; explicitFileType = undefined; includeInIndex = 0; };
		B5B752F50D9D412DA1DB1B0D /* CDVConnection.h */ = {isa = PBXFileReference; name = "CDVConnection.h"; path = "cordova-plugin-network-information/CDVConnection.h"; sourceTree = "<group>"; fileEncoding = 4; lastKnownFileType = sourcecode.c.h; explicitFileType = undefined; includeInIndex = 0; };
		ECDCFBCD8DF04D99A8A458DB /* CDVReachability.h */ = {isa = PBXFileReference; name = "CDVReachability.h"; path = "cordova-plugin-network-information/CDVReachability.h"; sourceTree = "<group>"; fileEncoding = 4; lastKnownFileType = sourcecode.c.h; explicitFileType = undefined; includeInIndex = 0; };
		9D1433FB454E4B64AF700AFD /* SystemConfiguration.framework */ = {isa = PBXFileReference; name = "SystemConfiguration.framework"; path = "System/Library/Frameworks/SystemConfiguration.framework"; sourceTree = SDKROOT; fileEncoding = undefined; lastKnownFileType = wrapper.framework; explicitFileType = undefined; includeInIndex = 0; };
		AD92EC5F348146F786E3F8F7 /* CoreTelephony.framework */ = {isa = PBXFileReference; name = "CoreTelephony.framework"; path = "System/Library/Frameworks/CoreTelephony.framework"; sourceTree = SDKROOT; fileEncoding = undefined; lastKnownFileType = wrapper.framework; explicitFileType = undefined; includeInIndex = 0; };
		2F6F1643FCDA4B46A69AA86D /* CDVSplashScreen.m */ = {isa = PBXFileReference; name = "CDVSplashScreen.m"; path = "cordova-plugin-splashscreen/CDVSplashScreen.m"; sourceTree = "<group>"; fileEncoding = 4; lastKnownFileType = sourcecode.c.objc; explicitFileType = undefined; includeInIndex = 0; };
		376E731083CB4FD097E26030 /* CDVViewController+SplashScreen.m */ = {isa = PBXFileReference; name = "CDVViewController+SplashScreen.m"; path = "cordova-plugin-splashscreen/CDVViewController+SplashScreen.m"; sourceTree = "<group>"; fileEncoding = 4; lastKnownFileType = sourcecode.c.objc; explicitFileType = undefined; includeInIndex = 0; };
		CD0D433ECAFA4CEFB64A20EC /* CDVSplashScreen.h */ = {isa = PBXFileReference; name = "CDVSplashScreen.h"; path = "cordova-plugin-splashscreen/CDVSplashScreen.h"; sourceTree = "<group>"; fileEncoding = 4; lastKnownFileType = sourcecode.c.h; explicitFileType = undefined; includeInIndex = 0; };
		DCC3A46265A14F448FE770FD /* CDVViewController+SplashScreen.h */ = {isa = PBXFileReference; name = "CDVViewController+SplashScreen.h"; path = "cordova-plugin-splashscreen/CDVViewController+SplashScreen.h"; sourceTree = "<group>"; fileEncoding = 4; lastKnownFileType = sourcecode.c.h; explicitFileType = undefined; includeInIndex = 0; };
		BA5117ACCC4E4C6D8DA12194 /* CDVStatusBar.m */ = {isa = PBXFileReference; name = "CDVStatusBar.m"; path = "cordova-plugin-statusbar/CDVStatusBar.m"; sourceTree = "<group>"; fileEncoding = 4; lastKnownFileType = sourcecode.c.objc; explicitFileType = undefined; includeInIndex = 0; };
		D0009AF13A3647FF9DA030E7 /* CDVStatusBar.h */ = {isa = PBXFileReference; name = "CDVStatusBar.h"; path = "cordova-plugin-statusbar/CDVStatusBar.h"; sourceTree = "<group>"; fileEncoding = 4; lastKnownFileType = sourcecode.c.h; explicitFileType = undefined; includeInIndex = 0; };
		92042A5A3B4C4C849D45EDF0 /* CDVVibration.m */ = {isa = PBXFileReference; name = "CDVVibration.m"; path = "cordova-plugin-vibration/CDVVibration.m"; sourceTree = "<group>"; fileEncoding = 4; lastKnownFileType = sourcecode.c.objc; explicitFileType = undefined; includeInIndex = 0; };
		12B9E1BFB8C14BB9BE6641EC /* CDVVibration.h */ = {isa = PBXFileReference; name = "CDVVibration.h"; path = "cordova-plugin-vibration/CDVVibration.h"; sourceTree = "<group>"; fileEncoding = 4; lastKnownFileType = sourcecode.c.h; explicitFileType = undefined; includeInIndex = 0; };
		8B3CFA8D4C8D4BD2AB35EAA1 /* FileOpener2.m */ = {isa = PBXFileReference; name = "FileOpener2.m"; path = "cordova-plugin-file-opener2/FileOpener2.m"; sourceTree = "<group>"; fileEncoding = 4; lastKnownFileType = sourcecode.c.objc; explicitFileType = undefined; includeInIndex = 0; };
		AB74C53E66854DCEBD136706 /* FileOpener2.h */ = {isa = PBXFileReference; name = "FileOpener2.h"; path = "cordova-plugin-file-opener2/FileOpener2.h"; sourceTree = "<group>"; fileEncoding = 4; lastKnownFileType = sourcecode.c.h; explicitFileType = undefined; includeInIndex = 0; };
		69FCCED32D2D4DC191F0D629 /* CDVSpinnerDialog.m */ = {isa = PBXFileReference; name = "CDVSpinnerDialog.m"; path = "cordova-plugin-spinnerdialog/CDVSpinnerDialog.m"; sourceTree = "<group>"; fileEncoding = 4; lastKnownFileType = sourcecode.c.objc; explicitFileType = undefined; includeInIndex = 0; };
		73B46018DC6845D3BB657735 /* CDVSpinnerDialog.h */ = {isa = PBXFileReference; name = "CDVSpinnerDialog.h"; path = "cordova-plugin-spinnerdialog/CDVSpinnerDialog.h"; sourceTree = "<group>"; fileEncoding = 4; lastKnownFileType = sourcecode.c.h; explicitFileType = undefined; includeInIndex = 0; };
		ECE43E279C844C69B2A3D5B6 /* Toast+UIView.m */ = {isa = PBXFileReference; name = "Toast+UIView.m"; path = "cordova-plugin-x-toast/Toast+UIView.m"; sourceTree = "<group>"; fileEncoding = 4; lastKnownFileType = sourcecode.c.objc; explicitFileType = undefined; includeInIndex = 0; };
		EC995D087E3446E0B6B00D41 /* Toast.m */ = {isa = PBXFileReference; name = "Toast.m"; path = "cordova-plugin-x-toast/Toast.m"; sourceTree = "<group>"; fileEncoding = 4; lastKnownFileType = sourcecode.c.objc; explicitFileType = undefined; includeInIndex = 0; };
		387406253A1A45DC92105737 /* Toast+UIView.h */ = {isa = PBXFileReference; name = "Toast+UIView.h"; path = "cordova-plugin-x-toast/Toast+UIView.h"; sourceTree = "<group>"; fileEncoding = 4; lastKnownFileType = sourcecode.c.h; explicitFileType = undefined; includeInIndex = 0; };
		6CB92AE38F5447EA96D351CE /* Toast.h */ = {isa = PBXFileReference; name = "Toast.h"; path = "cordova-plugin-x-toast/Toast.h"; sourceTree = "<group>"; fileEncoding = 4; lastKnownFileType = sourcecode.c.h; explicitFileType = undefined; includeInIndex = 0; };
		1AD51C6C902149299FC99860 /* QuartzCore.framework */ = {isa = PBXFileReference; name = "QuartzCore.framework"; path = "System/Library/Frameworks/QuartzCore.framework"; sourceTree = SDKROOT; fileEncoding = undefined; lastKnownFileType = wrapper.framework; explicitFileType = undefined; includeInIndex = 0; };
		F08C3472E2A7494EBB6F451A /* AppDelegate+notification.m */ = {isa = PBXFileReference; name = "AppDelegate+notification.m"; path = "phonegap-plugin-push/AppDelegate+notification.m"; sourceTree = "<group>"; fileEncoding = 4; lastKnownFileType = sourcecode.c.objc; explicitFileType = undefined; includeInIndex = 0; };
		3FFD288F5A5346C895F78835 /* PushPlugin.m */ = {isa = PBXFileReference; name = "PushPlugin.m"; path = "phonegap-plugin-push/PushPlugin.m"; sourceTree = "<group>"; fileEncoding = 4; lastKnownFileType = sourcecode.c.objc; explicitFileType = undefined; includeInIndex = 0; };
		15A19A34C39846C087016280 /* AppDelegate+notification.h */ = {isa = PBXFileReference; name = "AppDelegate+notification.h"; path = "phonegap-plugin-push/AppDelegate+notification.h"; sourceTree = "<group>"; fileEncoding = 4; lastKnownFileType = sourcecode.c.h; explicitFileType = undefined; includeInIndex = 0; };
		6C34164227434A8F91B43F50 /* PushPlugin.h */ = {isa = PBXFileReference; name = "PushPlugin.h"; path = "phonegap-plugin-push/PushPlugin.h"; sourceTree = "<group>"; fileEncoding = 4; lastKnownFileType = sourcecode.c.h; explicitFileType = undefined; includeInIndex = 0; };
/* End PBXFileReference section */

/* Begin PBXFrameworksBuildPhase section */
		1D60588F0D05DD3D006BFB54 /* Frameworks */ = {
			isa = PBXFrameworksBuildPhase;
			buildActionMask = 2147483647;
			files = (
				301BF552109A68D80062928A /* libCordova.a in Frameworks */,
				6120D5DCC3A647BDBBA1A3B0 /* ImageIO.framework in Frameworks */,
				3E5F648685AB4214AE0B7FBD /* CoreLocation.framework in Frameworks */,
				97674F5B73BC4A9C98A8DD42 /* AVFoundation.framework in Frameworks */,
				AA43331F01C04333AD2353B5 /* AddressBook.framework in Frameworks */,
				6BABD5145010461E97632DA2 /* AddressBookUI.framework in Frameworks */,
				EF6115CA615A4AFD9E58F87B /* libz.tbd in Frameworks */,
				E0AD725748F9427F92AAFC87 /* CoreMotion.framework in Frameworks */,
				41F78156F7AB4BFFA24FC1AE /* AudioToolbox.framework in Frameworks */,
				7E1006A8DF7B4E9ABE549158 /* SystemConfiguration.framework in Frameworks */,
				5EA2FF2537CB4D7FB7C6A170 /* CoreTelephony.framework in Frameworks */,
				5E7D2FCB641445CB97E63A50 /* QuartzCore.framework in Frameworks */,
			);
			runOnlyForDeploymentPostprocessing = 0;
		};
/* End PBXFrameworksBuildPhase section */

/* Begin PBXGroup section */
		080E96DDFE201D6D7F000001 /* Classes */ = {
			isa = PBXGroup;
			children = (
				302D95EE14D2391D003F00A1 /* MainViewController.h */,
				302D95EF14D2391D003F00A1 /* MainViewController.m */,
				302D95F014D2391D003F00A1 /* MainViewController.xib */,
				1D3623240D0F684500981E51 /* AppDelegate.h */,
				1D3623250D0F684500981E51 /* AppDelegate.m */,
			);
			name = Classes;
			path = "IKE VW/Classes";
			sourceTree = SOURCE_ROOT;
		};
		19C28FACFE9D520D11CA2CBB /* Products */ = {
			isa = PBXGroup;
			children = (
				1D6058910D05DD3D006BFB54 /* IKE VW.app */,
			);
			name = Products;
			sourceTree = "<group>";
		};
		29B97314FDCFA39411CA2CEA /* CustomTemplate */ = {
			isa = PBXGroup;
			children = (
				EB87FDF41871DAF40020F90C /* config.xml */,
				EB87FDF31871DA8E0020F90C /* www */,
				EB87FDF11871DA420020F90C /* Staging */,
				301BF52D109A57CC0062928A /* CordovaLib.xcodeproj */,
				080E96DDFE201D6D7F000001 /* Classes */,
				307C750510C5A3420062BCA9 /* Plugins */,
				29B97315FDCFA39411CA2CEA /* Other Sources */,
				29B97317FDCFA39411CA2CEA /* Resources */,
				29B97323FDCFA39411CA2CEA /* Frameworks */,
				19C28FACFE9D520D11CA2CBB /* Products */,
			);
			name = CustomTemplate;
			sourceTree = "<group>";
		};
		29B97315FDCFA39411CA2CEA /* Other Sources */ = {
			isa = PBXGroup;
			children = (
				32CA4F630368D1EE00C91783 /* IKE VW-Prefix.pch */,
				29B97316FDCFA39411CA2CEA /* main.m */,
				ED33DF2A687741AEAF9F8254 /* Bridging-Header.h */,
			);
			name = "Other Sources";
			path = "IKE VW";
			sourceTree = "<group>";
		};
		29B97317FDCFA39411CA2CEA /* Resources */ = {
			isa = PBXGroup;
			children = (
				0207DA571B56EA530066E2B4 /* Images.xcassets */,
				3047A50E1AB8057F00498E2A /* config */,
				8D1107310486CEB800E47090 /* IKE VW-Info.plist */,
				6AFF5BF81D6E424B00AB3073 /* CDVLaunchScreen.storyboard */,
				7B4FD0817D2F453380A0C40D /* CDVNotification.bundle */,
				AB2263C5994D46B78BED8D58 /* CDVCapture.bundle */,
			);
			name = Resources;
			path = "IKE VW/Resources";
			sourceTree = "<group>";
		};
		29B97323FDCFA39411CA2CEA /* Frameworks */ = {
			isa = PBXGroup;
			children = (
				495318A4BC7F483BBE5F4A43 /* ImageIO.framework */,
				31559C9560B34B38A2ACC338 /* CoreLocation.framework */,
				363ED29D004049908748C1F5 /* AVFoundation.framework */,
				407E5FB5A3C04313972D3AD0 /* AddressBook.framework */,
				BA45E8D33B284374B3CC8D8D /* AddressBookUI.framework */,
				F6962ADB131E4E7E9CCA73F6 /* libz.tbd */,
				CAB97C526BBD42E3AF6D5535 /* CoreMotion.framework */,
				482ECBF332844FB2AF595A4A /* AudioToolbox.framework */,
				9D1433FB454E4B64AF700AFD /* SystemConfiguration.framework */,
				AD92EC5F348146F786E3F8F7 /* CoreTelephony.framework */,
				1AD51C6C902149299FC99860 /* QuartzCore.framework */,
			);
			name = Frameworks;
			sourceTree = "<group>";
		};
		301BF52E109A57CC0062928A /* Products */ = {
			isa = PBXGroup;
			children = (
				301BF535109A57CC0062928A /* libCordova.a */,
			);
			name = Products;
			sourceTree = "<group>";
		};
		3047A50E1AB8057F00498E2A /* config */ = {
			isa = PBXGroup;
			children = (
				3047A50F1AB8059700498E2A /* build-debug.xcconfig */,
				3047A5101AB8059700498E2A /* build-release.xcconfig */,
				3047A5111AB8059700498E2A /* build.xcconfig */,
			);
			name = config;
			sourceTree = "<group>";
		};
		307C750510C5A3420062BCA9 /* Plugins */ = {
			isa = PBXGroup;
			children = (
				2257698AFB2E4DA1A41B0B58 /* CDVBattery.m */,
				8E842F8915854F0BB0DC5318 /* CDVBattery.h */,
				B81B0302E71D4E0BA144DF12 /* UIImage+CropScaleOrientation.m */,
				60E93ECE91BA4BFD9598B99F /* CDVCamera.m */,
				70D27E92F43D4C0581B627E0 /* CDVJpegHeaderWriter.m */,
				DF118D1F72F74E0D8E1073B9 /* UIImage+CropScaleOrientation.h */,
				1D4CA5030A844C25967D0AE9 /* CDVCamera.h */,
				B5B5C22815F141779FD62823 /* CDVJpegHeaderWriter.h */,
				21BCAD9605E2421E86B6B919 /* CDVExif.h */,
				9C47FA1EDA7046EDB4BAF93F /* CDVLogger.m */,
				D1EF8D82C85D4847A2634725 /* CDVLogger.h */,
				102BE7430CB0484E9FE89988 /* CDVContacts.m */,
				DEF5DC63E4164E569984332D /* CDVContact.m */,
				A418BC1835714A3FA7F24824 /* CDVContacts.h */,
				80E5A047A85B43CCB8880093 /* CDVContact.h */,
				FEBE3CE76BD3498BAEBA27C6 /* CDVDevice.m */,
				6243E80042BF40C8B0EBD699 /* CDVDevice.h */,
				44DC3584D1834B4288DB04C7 /* CDVAccelerometer.m */,
				DB512A381F8445318F203602 /* CDVAccelerometer.h */,
				1FD19BEB8B2A4AC2BE67DFCA /* CDVCompass.m */,
				867F11108E37461DA1057A52 /* CDVCompass.h */,
				6506513090A543AFA455781D /* CDVNotification.m */,
				89F0C847E021407E9C40C7E2 /* CDVNotification.h */,
				F7F642897D5B414B8342C63C /* CDVFile.m */,
				33570F2F4FB94FE8A7CA1ED5 /* CDVLocalFilesystem.m */,
				CBBDB9C5B34749858FC98CC2 /* CDVAssetLibraryFilesystem.m */,
				153AC8CABCD54FB6B0196959 /* CDVFile.h */,
				87C62E2A57B64985B6C6B38E /* CDVLocalFilesystem.h */,
				F9BCF8A7643F45EEBB2B0873 /* CDVAssetLibraryFilesystem.h */,
				977A6DED4738464980C91B2A /* CDVFileTransfer.m */,
				AE6A7E7D4F75456F8F4A3CD4 /* CDVFileTransfer.h */,
				4D03657964A84CD1B615ECC1 /* CDVLocation.m */,
				5F0610D2C6B640E29EA61361 /* CDVLocation.h */,
				3A79FC5BA2004871BAFC3B17 /* CDVGlobalization.m */,
				89EE9E5E5BF54254A393EB7F /* CDVGlobalization.h */,
				605425B4BDB840B8BDA230E3 /* CDVInAppBrowser.m */,
				DA4A189727394E0C9E0D5FD5 /* CDVInAppBrowser.h */,
				36B65AF906CA482A8873E898 /* CDVSound.m */,
				EDABD3185F324C10B770A2E7 /* CDVSound.h */,
				64AF32A73F6247408D97F696 /* CDVCapture.m */,
				0976C9782D184BFAA0EBA92C /* CDVCapture.h */,
				A2B2B1C0E6DA46D6A05DE22A /* CDVConnection.m */,
				5FD9B41C67D14FACA8D00BC8 /* CDVReachability.m */,
				B5B752F50D9D412DA1DB1B0D /* CDVConnection.h */,
				ECDCFBCD8DF04D99A8A458DB /* CDVReachability.h */,
				2F6F1643FCDA4B46A69AA86D /* CDVSplashScreen.m */,
				376E731083CB4FD097E26030 /* CDVViewController+SplashScreen.m */,
				CD0D433ECAFA4CEFB64A20EC /* CDVSplashScreen.h */,
				DCC3A46265A14F448FE770FD /* CDVViewController+SplashScreen.h */,
				BA5117ACCC4E4C6D8DA12194 /* CDVStatusBar.m */,
				D0009AF13A3647FF9DA030E7 /* CDVStatusBar.h */,
				92042A5A3B4C4C849D45EDF0 /* CDVVibration.m */,
				12B9E1BFB8C14BB9BE6641EC /* CDVVibration.h */,
				8B3CFA8D4C8D4BD2AB35EAA1 /* FileOpener2.m */,
				AB74C53E66854DCEBD136706 /* FileOpener2.h */,
				69FCCED32D2D4DC191F0D629 /* CDVSpinnerDialog.m */,
				73B46018DC6845D3BB657735 /* CDVSpinnerDialog.h */,
				ECE43E279C844C69B2A3D5B6 /* Toast+UIView.m */,
				EC995D087E3446E0B6B00D41 /* Toast.m */,
				387406253A1A45DC92105737 /* Toast+UIView.h */,
				6CB92AE38F5447EA96D351CE /* Toast.h */,
				F08C3472E2A7494EBB6F451A /* AppDelegate+notification.m */,
				3FFD288F5A5346C895F78835 /* PushPlugin.m */,
				15A19A34C39846C087016280 /* AppDelegate+notification.h */,
				6C34164227434A8F91B43F50 /* PushPlugin.h */,
			);
			name = Plugins;
			path = "IKE VW/Plugins";
			sourceTree = SOURCE_ROOT;
		};
		EB87FDF11871DA420020F90C /* Staging */ = {
			isa = PBXGroup;
			children = (
				F840E1F0165FE0F500CFE078 /* config.xml */,
				301BF56E109A69640062928A /* www */,
			);
			name = Staging;
			sourceTree = "<group>";
		};
/* End PBXGroup section */

/* Begin PBXNativeTarget section */
		1D6058900D05DD3D006BFB54 /* IKE VW */ = {
			isa = PBXNativeTarget;
			buildConfigurationList = 1D6058960D05DD3E006BFB54 /* Build configuration list for PBXNativeTarget "IKE VW" */;
			buildPhases = (
				304B58A110DAC018002A0835 /* Copy www directory */,
				1D60588D0D05DD3D006BFB54 /* Resources */,
				1D60588E0D05DD3D006BFB54 /* Sources */,
				1D60588F0D05DD3D006BFB54 /* Frameworks */,
			);
			buildRules = (
			);
			dependencies = (
				301BF551109A68C00062928A /* PBXTargetDependency */,
			);
			name = "IKE VW";
			productName = "IKE VW";
			productReference = 1D6058910D05DD3D006BFB54 /* IKE VW.app */;
			productType = "com.apple.product-type.application";
		};
/* End PBXNativeTarget section */

/* Begin PBXProject section */
		29B97313FDCFA39411CA2CEA /* Project object */ = {
			isa = PBXProject;
			attributes = {
				LastUpgradeCheck = 510;
			};
			buildConfigurationList = C01FCF4E08A954540054247B /* Build configuration list for PBXProject "__NON-CLI__" */;
			compatibilityVersion = "Xcode 3.2";
			developmentRegion = English;
			hasScannedForEncodings = 1;
			mainGroup = 29B97314FDCFA39411CA2CEA /* CustomTemplate */;
			projectDirPath = "";
			projectReferences = (
				{
					ProductGroup = 301BF52E109A57CC0062928A /* Products */;
					ProjectRef = 301BF52D109A57CC0062928A /* CordovaLib.xcodeproj */;
				},
			);
			projectRoot = "";
			targets = (
				1D6058900D05DD3D006BFB54 /* IKE VW */,
			);
		};
/* End PBXProject section */

/* Begin PBXReferenceProxy section */
		301BF535109A57CC0062928A /* libCordova.a */ = {
			isa = PBXReferenceProxy;
			fileType = archive.ar;
			path = libCordova.a;
			remoteRef = 301BF534109A57CC0062928A /* PBXContainerItemProxy */;
			sourceTree = BUILT_PRODUCTS_DIR;
		};
/* End PBXReferenceProxy section */

/* Begin PBXResourcesBuildPhase section */
		1D60588D0D05DD3D006BFB54 /* Resources */ = {
			isa = PBXResourcesBuildPhase;
			buildActionMask = 2147483647;
			files = (
				302D95F214D2391D003F00A1 /* MainViewController.xib in Resources */,
				0207DA581B56EA530066E2B4 /* Images.xcassets in Resources */,
				6AFF5BF91D6E424B00AB3073 /* CDVLaunchScreen.storyboard in Resources */,
				E7BCBF2495FA4FFA99C085FE /* CDVNotification.bundle in Resources */,
				9596DD97FB614256AC3C959F /* CDVCapture.bundle in Resources */,
			);
			runOnlyForDeploymentPostprocessing = 0;
		};
/* End PBXResourcesBuildPhase section */

/* Begin PBXShellScriptBuildPhase section */
		304B58A110DAC018002A0835 /* Copy www directory */ = {
			isa = PBXShellScriptBuildPhase;
			buildActionMask = 2147483647;
			files = (
			);
			inputPaths = (
			);
			name = "Copy www directory";
			outputPaths = (
			);
			runOnlyForDeploymentPostprocessing = 0;
			shellPath = /bin/sh;
			shellScript = "NODEJS_PATH=/usr/local/bin; NVM_NODE_PATH=~/.nvm/versions/node/`nvm version 2>/dev/null`/bin; N_NODE_PATH=`find /usr/local/n/versions/node/* -maxdepth 0 -type d 2>/dev/null | tail -1`/bin; XCODE_NODE_PATH=`xcode-select --print-path`/usr/share/xcs/Node/bin; PATH=$NODEJS_PATH:$NVM_NODE_PATH:$N_NODE_PATH:$XCODE_NODE_PATH:$PATH && node cordova/lib/copy-www-build-step.js";
			showEnvVarsInLog = 0;
		};
/* End PBXShellScriptBuildPhase section */

/* Begin PBXSourcesBuildPhase section */
		1D60588E0D05DD3D006BFB54 /* Sources */ = {
			isa = PBXSourcesBuildPhase;
			buildActionMask = 2147483647;
			files = (
				1D60589B0D05DD56006BFB54 /* main.m in Sources */,
				1D3623260D0F684500981E51 /* AppDelegate.m in Sources */,
				302D95F114D2391D003F00A1 /* MainViewController.m in Sources */,
				96504C4B12D7434C98907A23 /* CDVBattery.m in Sources */,
				3690569E3463467CBE1A25D6 /* UIImage+CropScaleOrientation.m in Sources */,
				A704ADA7DC254D12AB5E4C09 /* CDVCamera.m in Sources */,
				C74AFA29E6FA43B588E4627A /* CDVJpegHeaderWriter.m in Sources */,
				B8ED37F915A14BBCB551B655 /* CDVLogger.m in Sources */,
				010135E95E99469E88394E14 /* CDVContacts.m in Sources */,
				29311125A2F143BD9BF380CD /* CDVContact.m in Sources */,
				9A368CCC8C034052B6A4E6D9 /* CDVDevice.m in Sources */,
				8228D9BA6DF44B318BB3BE1D /* CDVAccelerometer.m in Sources */,
				8DF95316D8E44A87A5A6FD1F /* CDVCompass.m in Sources */,
				D926E61C22C74995B4B0EA2B /* CDVNotification.m in Sources */,
				F6908626C0EE45A7834A1E06 /* CDVFile.m in Sources */,
				8583787FAA6F48098111DF7F /* CDVLocalFilesystem.m in Sources */,
				6105D432F08C48BE8BFCEBC5 /* CDVAssetLibraryFilesystem.m in Sources */,
				FF9ABB68630247C5BB69166F /* CDVFileTransfer.m in Sources */,
				DA4D54477B624BD190A9645B /* CDVLocation.m in Sources */,
				7876640A1F7846E9B7F1AEC7 /* CDVGlobalization.m in Sources */,
				F6AF9FCB05894B80AF9799B5 /* CDVInAppBrowser.m in Sources */,
				CD7E362242864DBEB0557B19 /* CDVSound.m in Sources */,
				E66A3C4680634AA3930D4AF3 /* CDVCapture.m in Sources */,
				9CCD4EBE62E64A35A12BDB37 /* CDVConnection.m in Sources */,
				E04EE96E7AD04C06AFF3F4B2 /* CDVReachability.m in Sources */,
				0A9262BB213C4D76AD1B8FD0 /* CDVSplashScreen.m in Sources */,
				63EF74773327412F862FC032 /* CDVViewController+SplashScreen.m in Sources */,
				7FE09D46F4AF445284FA84C1 /* CDVStatusBar.m in Sources */,
				B7D67AB6D71D49769FED1FFC /* CDVVibration.m in Sources */,
				EA5F00C9589A43FA9FFED096 /* FileOpener2.m in Sources */,
				E341C4BB96054D8BB1F7982A /* CDVSpinnerDialog.m in Sources */,
				ABAA1E39290A4F58BCA3F646 /* Toast+UIView.m in Sources */,
				871BC994397943AB9F6990CD /* Toast.m in Sources */,
				1D4AA41FE2B248A2925778AC /* AppDelegate+notification.m in Sources */,
				3BABC8D41E184E4EA136AED5 /* PushPlugin.m in Sources */,
			);
			runOnlyForDeploymentPostprocessing = 0;
		};
/* End PBXSourcesBuildPhase section */

/* Begin PBXTargetDependency section */
		301BF551109A68C00062928A /* PBXTargetDependency */ = {
			isa = PBXTargetDependency;
			name = CordovaLib;
			targetProxy = 301BF550109A68C00062928A /* PBXContainerItemProxy */;
		};
/* End PBXTargetDependency section */

/* Begin XCBuildConfiguration section */
		1D6058940D05DD3E006BFB54 /* Debug */ = {
			isa = XCBuildConfiguration;
			baseConfigurationReference = 3047A50F1AB8059700498E2A /* build-debug.xcconfig */;
			buildSettings = {
				ALWAYS_SEARCH_USER_PATHS = NO;
				ASSETCATALOG_COMPILER_APPICON_NAME = AppIcon;
				ASSETCATALOG_COMPILER_LAUNCHIMAGE_NAME = LaunchImage;
				CLANG_ENABLE_MODULES = YES;
				CLANG_ENABLE_OBJC_ARC = YES;
				COPY_PHASE_STRIP = NO;
				GCC_DYNAMIC_NO_PIC = NO;
				GCC_OPTIMIZATION_LEVEL = 0;
				GCC_PRECOMPILE_PREFIX_HEADER = YES;
				GCC_PREFIX_HEADER = "IKE VW/IKE VW-Prefix.pch";
				GCC_THUMB_SUPPORT = NO;
				GCC_VERSION = "";
				INFOPLIST_FILE = "IKE VW/IKE VW-Info.plist";
				IPHONEOS_DEPLOYMENT_TARGET = 9.0;
				LD_RUNPATH_SEARCH_PATHS = "@executable_path/Frameworks";
				TARGETED_DEVICE_FAMILY = "1,2";
				PRODUCT_NAME = "IKE VW";
			};
			name = Debug;
		};
		1D6058950D05DD3E006BFB54 /* Release */ = {
			isa = XCBuildConfiguration;
			baseConfigurationReference = 3047A5101AB8059700498E2A /* build-release.xcconfig */;
			buildSettings = {
				ALWAYS_SEARCH_USER_PATHS = NO;
				ASSETCATALOG_COMPILER_APPICON_NAME = AppIcon;
				ASSETCATALOG_COMPILER_LAUNCHIMAGE_NAME = LaunchImage;
				CLANG_ENABLE_MODULES = YES;
				CLANG_ENABLE_OBJC_ARC = YES;
				COPY_PHASE_STRIP = YES;
				GCC_PRECOMPILE_PREFIX_HEADER = YES;
				GCC_PREFIX_HEADER = "IKE VW/IKE VW-Prefix.pch";
				GCC_THUMB_SUPPORT = NO;
				GCC_VERSION = "";
				INFOPLIST_FILE = "IKE VW/IKE VW-Info.plist";
				IPHONEOS_DEPLOYMENT_TARGET = 9.0;
				LD_RUNPATH_SEARCH_PATHS = "@executable_path/Frameworks";
				TARGETED_DEVICE_FAMILY = "1,2";
				PRODUCT_NAME = "IKE VW";
			};
			name = Release;
		};
		C01FCF4F08A954540054247B /* Debug */ = {
			isa = XCBuildConfiguration;
			baseConfigurationReference = 3047A5111AB8059700498E2A /* build.xcconfig */;
			buildSettings = {
				CLANG_ENABLE_MODULES = YES;
				CLANG_ENABLE_OBJC_ARC = YES;
				CLANG_WARN_BOOL_CONVERSION = YES;
				CLANG_WARN_CONSTANT_CONVERSION = YES;
				CLANG_WARN_EMPTY_BODY = YES;
				CLANG_WARN_ENUM_CONVERSION = YES;
				CLANG_WARN_INT_CONVERSION = YES;
				CLANG_WARN__DUPLICATE_METHOD_MATCH = YES;
				GCC_C_LANGUAGE_STANDARD = c99;
				GCC_THUMB_SUPPORT = NO;
				GCC_VERSION = "";
				GCC_WARN_ABOUT_RETURN_TYPE = YES;
				GCC_WARN_UNDECLARED_SELECTOR = YES;
				GCC_WARN_UNINITIALIZED_AUTOS = YES;
				GCC_WARN_UNUSED_FUNCTION = YES;
				GCC_WARN_UNUSED_VARIABLE = YES;
				ONLY_ACTIVE_ARCH = YES;
				SDKROOT = iphoneos;
				SKIP_INSTALL = NO;
				TARGETED_DEVICE_FAMILY = "1,2";
				ASSETCATALOG_COMPILER_LAUNCHIMAGE_NAME = LaunchImage;
			};
			name = Debug;
		};
		C01FCF5008A954540054247B /* Release */ = {
			isa = XCBuildConfiguration;
			baseConfigurationReference = 3047A5111AB8059700498E2A /* build.xcconfig */;
			buildSettings = {
				CLANG_ENABLE_MODULES = YES;
				CLANG_ENABLE_OBJC_ARC = YES;
				CLANG_WARN_BOOL_CONVERSION = YES;
				CLANG_WARN_CONSTANT_CONVERSION = YES;
				CLANG_WARN_EMPTY_BODY = YES;
				CLANG_WARN_ENUM_CONVERSION = YES;
				CLANG_WARN_INT_CONVERSION = YES;
				CLANG_WARN__DUPLICATE_METHOD_MATCH = YES;
				GCC_C_LANGUAGE_STANDARD = c99;
				GCC_THUMB_SUPPORT = NO;
				GCC_VERSION = "";
				GCC_WARN_ABOUT_RETURN_TYPE = YES;
				GCC_WARN_UNDECLARED_SELECTOR = YES;
				GCC_WARN_UNINITIALIZED_AUTOS = YES;
				GCC_WARN_UNUSED_FUNCTION = YES;
				GCC_WARN_UNUSED_VARIABLE = YES;
				SDKROOT = iphoneos;
				SKIP_INSTALL = NO;
				TARGETED_DEVICE_FAMILY = "1,2";
				ASSETCATALOG_COMPILER_LAUNCHIMAGE_NAME = LaunchImage;
			};
			name = Release;
		};
/* End XCBuildConfiguration section */

/* Begin XCConfigurationList section */
		1D6058960D05DD3E006BFB54 /* Build configuration list for PBXNativeTarget "IKE VW" */ = {
			isa = XCConfigurationList;
			buildConfigurations = (
				1D6058940D05DD3E006BFB54 /* Debug */,
				1D6058950D05DD3E006BFB54 /* Release */,
			);
			defaultConfigurationIsVisible = 0;
			defaultConfigurationName = Release;
		};
		C01FCF4E08A954540054247B /* Build configuration list for PBXProject "__NON-CLI__" */ = {
			isa = XCConfigurationList;
			buildConfigurations = (
				C01FCF4F08A954540054247B /* Debug */,
				C01FCF5008A954540054247B /* Release */,
			);
			defaultConfigurationIsVisible = 0;
			defaultConfigurationName = Release;
		};
/* End XCConfigurationList section */
	};
	rootObject = 29B97313FDCFA39411CA2CEA /* Project object */;
}
